// !$*UTF8*$!
{
	archiveVersion = 1;
	classes = {
	};
	objectVersion = 46;
	objects = {

/* Begin PBXBuildFile section */
		8413303E16E619FC0098D7F8 /* VGUser.m in Sources */ = {isa = PBXBuildFile; fileRef = 8413303D16E619FC0098D7F8 /* VGUser.m */; };
		8413304016E6330D0098D7F8 /* vacational_guideline.jpg in Resources */ = {isa = PBXBuildFile; fileRef = 8413303F16E6330D0098D7F8 /* vacational_guideline.jpg */; };
		8413304216E637E90098D7F8 /* employer-icon.png in Resources */ = {isa = PBXBuildFile; fileRef = 8413304116E637E90098D7F8 /* employer-icon.png */; };
		8413304B16E63C5E0098D7F8 /* VGFieldsListViewController.m in Sources */ = {isa = PBXBuildFile; fileRef = 8413304A16E63C5E0098D7F8 /* VGFieldsListViewController.m */; };
		8413304D16E63C7C0098D7F8 /* VGFieldView.xib in Resources */ = {isa = PBXBuildFile; fileRef = 8413304C16E63C7C0098D7F8 /* VGFieldView.xib */; };
		841AF4B816DCAC90008FCA42 /* UIKit.framework in Frameworks */ = {isa = PBXBuildFile; fileRef = 841AF4B716DCAC90008FCA42 /* UIKit.framework */; };
		841AF4BA16DCAC90008FCA42 /* Foundation.framework in Frameworks */ = {isa = PBXBuildFile; fileRef = 841AF4B916DCAC90008FCA42 /* Foundation.framework */; };
		841AF4BC16DCAC90008FCA42 /* CoreGraphics.framework in Frameworks */ = {isa = PBXBuildFile; fileRef = 841AF4BB16DCAC90008FCA42 /* CoreGraphics.framework */; };
		841AF4C216DCAC90008FCA42 /* InfoPlist.strings in Resources */ = {isa = PBXBuildFile; fileRef = 841AF4C016DCAC90008FCA42 /* InfoPlist.strings */; };
		841AF4C416DCAC90008FCA42 /* main.m in Sources */ = {isa = PBXBuildFile; fileRef = 841AF4C316DCAC90008FCA42 /* main.m */; };
		841AF4C816DCAC90008FCA42 /* VGAppDelegate.m in Sources */ = {isa = PBXBuildFile; fileRef = 841AF4C716DCAC90008FCA42 /* VGAppDelegate.m */; };
		841AF4CA16DCAC90008FCA42 /* Default.png in Resources */ = {isa = PBXBuildFile; fileRef = 841AF4C916DCAC90008FCA42 /* Default.png */; };
		841AF4CC16DCAC90008FCA42 /* Default@2x.png in Resources */ = {isa = PBXBuildFile; fileRef = 841AF4CB16DCAC90008FCA42 /* Default@2x.png */; };
		841AF4CE16DCAC90008FCA42 /* Default-568h@2x.png in Resources */ = {isa = PBXBuildFile; fileRef = 841AF4CD16DCAC90008FCA42 /* Default-568h@2x.png */; };
		841AF4E616DCC90C008FCA42 /* VGLoginViewController.m in Sources */ = {isa = PBXBuildFile; fileRef = 841AF4E416DCC90C008FCA42 /* VGLoginViewController.m */; };
		841AF4E716DCC90C008FCA42 /* VGLoginViewController.xib in Resources */ = {isa = PBXBuildFile; fileRef = 841AF4E516DCC90C008FCA42 /* VGLoginViewController.xib */; };
		841AF4EB16DCCB00008FCA42 /* VGLoginPopupViewController.m in Sources */ = {isa = PBXBuildFile; fileRef = 841AF4E916DCCB00008FCA42 /* VGLoginPopupViewController.m */; };
		841AF4EC16DCCB00008FCA42 /* VGLoginPopupViewController.xib in Resources */ = {isa = PBXBuildFile; fileRef = 841AF4EA16DCCB00008FCA42 /* VGLoginPopupViewController.xib */; };
		841AF4F016DCDA08008FCA42 /* VGBaseViewController.m in Sources */ = {isa = PBXBuildFile; fileRef = 841AF4EE16DCDA08008FCA42 /* VGBaseViewController.m */; };
		841AF4F416DCEE19008FCA42 /* VGScreenNavigator.m in Sources */ = {isa = PBXBuildFile; fileRef = 841AF4F316DCEE19008FCA42 /* VGScreenNavigator.m */; };
		841AF4F716DCF35F008FCA42 /* VGSavedScreenInfo.m in Sources */ = {isa = PBXBuildFile; fileRef = 841AF4F616DCF35F008FCA42 /* VGSavedScreenInfo.m */; };
		841AF4FB16DCF931008FCA42 /* QuartzCore.framework in Frameworks */ = {isa = PBXBuildFile; fileRef = 841AF4FA16DCF931008FCA42 /* QuartzCore.framework */; };
		841AF4FF16DCF9AE008FCA42 /* VGPresentViewController.m in Sources */ = {isa = PBXBuildFile; fileRef = 841AF4FD16DCF9AE008FCA42 /* VGPresentViewController.m */; };
		841AF50016DCF9AE008FCA42 /* VGPresentViewController.xib in Resources */ = {isa = PBXBuildFile; fileRef = 841AF4FE16DCF9AE008FCA42 /* VGPresentViewController.xib */; };
		841AF50416DCF9FE008FCA42 /* VGTableViewController.m in Sources */ = {isa = PBXBuildFile; fileRef = 841AF50216DCF9FD008FCA42 /* VGTableViewController.m */; };
		841AF50516DCF9FE008FCA42 /* VGTableViewController.xib in Resources */ = {isa = PBXBuildFile; fileRef = 841AF50316DCF9FD008FCA42 /* VGTableViewController.xib */; };
		841AF50916DCFA0D008FCA42 /* VGSearchViewController.m in Sources */ = {isa = PBXBuildFile; fileRef = 841AF50716DCFA0D008FCA42 /* VGSearchViewController.m */; };
		841AF50A16DCFA0D008FCA42 /* VGSearchViewController.xib in Resources */ = {isa = PBXBuildFile; fileRef = 841AF50816DCFA0D008FCA42 /* VGSearchViewController.xib */; };
		841AF50E16DCFA1D008FCA42 /* VGDetailViewController.m in Sources */ = {isa = PBXBuildFile; fileRef = 841AF50C16DCFA1C008FCA42 /* VGDetailViewController.m */; };
		841AF50F16DCFA1D008FCA42 /* VGDetailViewController.xib in Resources */ = {isa = PBXBuildFile; fileRef = 841AF50D16DCFA1D008FCA42 /* VGDetailViewController.xib */; };
		841AF51316DD0117008FCA42 /* VGOptionsViewController.m in Sources */ = {isa = PBXBuildFile; fileRef = 841AF51116DD0117008FCA42 /* VGOptionsViewController.m */; };
		841AF51416DD0117008FCA42 /* VGOptionsViewController.xib in Resources */ = {isa = PBXBuildFile; fileRef = 841AF51216DD0117008FCA42 /* VGOptionsViewController.xib */; };
		841AF51716DD038D008FCA42 /* VGMessageHandlerViewController.m in Sources */ = {isa = PBXBuildFile; fileRef = 841AF51616DD038D008FCA42 /* VGMessageHandlerViewController.m */; };
		8496AAE016F709C4001E1184 /* VGBaseRequest.m in Sources */ = {isa = PBXBuildFile; fileRef = 8496AADF16F709C4001E1184 /* VGBaseRequest.m */; };
		8496AAE316F70CA1001E1184 /* VGGetPersonRequest.m in Sources */ = {isa = PBXBuildFile; fileRef = 8496AAE216F70CA1001E1184 /* VGGetPersonRequest.m */; };
		8496AAE616F70DEE001E1184 /* VGSearchPersonsRequest.m in Sources */ = {isa = PBXBuildFile; fileRef = 8496AAE516F70DEE001E1184 /* VGSearchPersonsRequest.m */; };
		8496AAEC16F73884001E1184 /* VGChangeCellRequest.m in Sources */ = {isa = PBXBuildFile; fileRef = 8496AAEB16F73883001E1184 /* VGChangeCellRequest.m */; };
		849BEB3B16F3339C001868D3 /* VGRequestQueue.m in Sources */ = {isa = PBXBuildFile; fileRef = 849BEB3A16F3339C001868D3 /* VGRequestQueue.m */; };
		849CE01D174B838100F31429 /* VGResultRequest.m in Sources */ = {isa = PBXBuildFile; fileRef = 849CE01C174B838100F31429 /* VGResultRequest.m */; };
		849D25AE1728184D00F9EB73 /* VGSide.m in Sources */ = {isa = PBXBuildFile; fileRef = 849D25AD1728184D00F9EB73 /* VGSide.m */; };
		849E569F16DF6450009E9AB6 /* graph-badge.png in Resources */ = {isa = PBXBuildFile; fileRef = 849E569D16DF6450009E9AB6 /* graph-badge.png */; };
		849E56A016DF6450009E9AB6 /* graph-badge@2x.png in Resources */ = {isa = PBXBuildFile; fileRef = 849E569E16DF6450009E9AB6 /* graph-badge@2x.png */; };
		849E56A816DF8FC4009E9AB6 /* VGGraphViewController.m in Sources */ = {isa = PBXBuildFile; fileRef = 849E56A616DF8FC3009E9AB6 /* VGGraphViewController.m */; };
		849E56A916DF8FC4009E9AB6 /* VGGraphViewController.xib in Resources */ = {isa = PBXBuildFile; fileRef = 849E56A716DF8FC3009E9AB6 /* VGGraphViewController.xib */; };
		849E56AB16DFA354009E9AB6 /* VGGraphItem.xib in Resources */ = {isa = PBXBuildFile; fileRef = 849E56AA16DFA354009E9AB6 /* VGGraphItem.xib */; };
		849FF17516E88D35006984AC /* VGStudent.m in Sources */ = {isa = PBXBuildFile; fileRef = 849FF17416E88D35006984AC /* VGStudent.m */; };
		849FF17816E88DD6006984AC /* VGSubject.m in Sources */ = {isa = PBXBuildFile; fileRef = 849FF17716E88DD5006984AC /* VGSubject.m */; };
		849FF17B16E88EA4006984AC /* VGSkill.m in Sources */ = {isa = PBXBuildFile; fileRef = 849FF17A16E88EA3006984AC /* VGSkill.m */; };
		849FF17E16E88F08006984AC /* VGJob.m in Sources */ = {isa = PBXBuildFile; fileRef = 849FF17D16E88F08006984AC /* VGJob.m */; };
		849FF18A16E8959F006984AC /* VGBaseDataModel.m in Sources */ = {isa = PBXBuildFile; fileRef = 849FF18916E8959E006984AC /* VGBaseDataModel.m */; };
		849FF18C16E8974B006984AC /* secretar-icon.jpeg in Resources */ = {isa = PBXBuildFile; fileRef = 849FF18B16E8974A006984AC /* secretar-icon.jpeg */; };
		849FF18F16E89759006984AC /* expert-icon.jpeg in Resources */ = {isa = PBXBuildFile; fileRef = 849FF18D16E89758006984AC /* expert-icon.jpeg */; };
		849FF19016E89759006984AC /* skill-icon.jpg in Resources */ = {isa = PBXBuildFile; fileRef = 849FF18E16E89758006984AC /* skill-icon.jpg */; };
		849FF19616E89909006984AC /* anonumous-icon.png in Resources */ = {isa = PBXBuildFile; fileRef = 849FF19116E89908006984AC /* anonumous-icon.png */; };
		849FF19716E89909006984AC /* job-icon.jpg in Resources */ = {isa = PBXBuildFile; fileRef = 849FF19216E89908006984AC /* job-icon.jpg */; };
		849FF19816E89909006984AC /* manager-icon.jpg in Resources */ = {isa = PBXBuildFile; fileRef = 849FF19316E89908006984AC /* manager-icon.jpg */; };
		849FF19916E89909006984AC /* student-icon.png in Resources */ = {isa = PBXBuildFile; fileRef = 849FF19416E89909006984AC /* student-icon.png */; };
		849FF19A16E89909006984AC /* subject-icon.jpg in Resources */ = {isa = PBXBuildFile; fileRef = 849FF19516E89909006984AC /* subject-icon.jpg */; };
		849FF19C16E89ADA006984AC /* Subject.plist in Resources */ = {isa = PBXBuildFile; fileRef = 849FF19B16E89ADA006984AC /* Subject.plist */; };
		849FF19E16E89B2E006984AC /* Skill.plist in Resources */ = {isa = PBXBuildFile; fileRef = 849FF19D16E89B2E006984AC /* Skill.plist */; };
		849FF1A016E89BD0006984AC /* Job.plist in Resources */ = {isa = PBXBuildFile; fileRef = 849FF19F16E89BD0006984AC /* Job.plist */; };
		849FF1A216E89CB1006984AC /* Student.plist in Resources */ = {isa = PBXBuildFile; fileRef = 849FF1A116E89CB1006984AC /* Student.plist */; };
		849FF1A716E8DBFA006984AC /* User.plist in Resources */ = {isa = PBXBuildFile; fileRef = 849FF1A616E8DBFA006984AC /* User.plist */; };
		84A0CF901757473B002F809D /* MainBackgraund.png in Resources */ = {isa = PBXBuildFile; fileRef = 84A0CF8F1757473B002F809D /* MainBackgraund.png */; };
		84A0CF9417574899002F809D /* forTableScrin2.png in Resources */ = {isa = PBXBuildFile; fileRef = 84A0CF9317574899002F809D /* forTableScrin2.png */; };
		84A0CF961757492F002F809D /* forTabelScrin1.png in Resources */ = {isa = PBXBuildFile; fileRef = 84A0CF951757492F002F809D /* forTabelScrin1.png */; };
		84A0CF9817574D2B002F809D /* CloseButton.png in Resources */ = {isa = PBXBuildFile; fileRef = 84A0CF9717574D2B002F809D /* CloseButton.png */; };
		84A0CF9A17574E0E002F809D /* LoginButton.png in Resources */ = {isa = PBXBuildFile; fileRef = 84A0CF9917574E0E002F809D /* LoginButton.png */; };
		84A0CF9C17574FA4002F809D /* ResultBackground.png in Resources */ = {isa = PBXBuildFile; fileRef = 84A0CF9B17574FA4002F809D /* ResultBackground.png */; };
		84A0CF9E17575068002F809D /* ListLabelCell.png in Resources */ = {isa = PBXBuildFile; fileRef = 84A0CF9D17575068002F809D /* ListLabelCell.png */; };
		84A0CFA017575333002F809D /* BaseButton.png in Resources */ = {isa = PBXBuildFile; fileRef = 84A0CF9F17575333002F809D /* BaseButton.png */; };
		84A0CFA417575BFF002F809D /* MainBackground2.jpg in Resources */ = {isa = PBXBuildFile; fileRef = 84A0CFA117575BFF002F809D /* MainBackground2.jpg */; };
		84A0CFA517575BFF002F809D /* MainBackground3.jpg in Resources */ = {isa = PBXBuildFile; fileRef = 84A0CFA217575BFF002F809D /* MainBackground3.jpg */; };
		84A0CFA617575BFF002F809D /* MainBackground4.jpg in Resources */ = {isa = PBXBuildFile; fileRef = 84A0CFA317575BFF002F809D /* MainBackground4.jpg */; };
		84A0CFA917575F15002F809D /* MainBackground5.jpg in Resources */ = {isa = PBXBuildFile; fileRef = 84A0CFA717575F15002F809D /* MainBackground5.jpg */; };
		84A0CFAA17575F15002F809D /* MainBackround6.jpg in Resources */ = {isa = PBXBuildFile; fileRef = 84A0CFA817575F15002F809D /* MainBackround6.jpg */; };
		84A2C86C16F873EF00DA12D5 /* CFNetwork.framework in Frameworks */ = {isa = PBXBuildFile; fileRef = 84A2C86B16F873EF00DA12D5 /* CFNetwork.framework */; };
		84A2C86E16F873FC00DA12D5 /* SystemConfiguration.framework in Frameworks */ = {isa = PBXBuildFile; fileRef = 84A2C86D16F873FC00DA12D5 /* SystemConfiguration.framework */; };
		84A2C87016F8740600DA12D5 /* MobileCoreServices.framework in Frameworks */ = {isa = PBXBuildFile; fileRef = 84A2C86F16F8740600DA12D5 /* MobileCoreServices.framework */; };
		84A2C88616F8AD8500DA12D5 /* Security.framework in Frameworks */ = {isa = PBXBuildFile; fileRef = 84A2C88516F8AD8500DA12D5 /* Security.framework */; };
		84A2C88816F8AD9400DA12D5 /* libxml2.dylib in Frameworks */ = {isa = PBXBuildFile; fileRef = 84A2C88716F8AD9400DA12D5 /* libxml2.dylib */; };
		84A47E4A16DE39D100A78089 /* VGTableView.m in Sources */ = {isa = PBXBuildFile; fileRef = 84A47E4916DE39D100A78089 /* VGTableView.m */; };
		84A47E5316DE5ABB00A78089 /* VGAddToTableViewController.m in Sources */ = {isa = PBXBuildFile; fileRef = 84A47E5116DE5ABB00A78089 /* VGAddToTableViewController.m */; };
		84A47E5416DE5ABB00A78089 /* VGAddToTableViewController.xib in Resources */ = {isa = PBXBuildFile; fileRef = 84A47E5216DE5ABB00A78089 /* VGAddToTableViewController.xib */; };
		84A4F1CA1738E96700173FC8 /* VGStudentsCell.m in Sources */ = {isa = PBXBuildFile; fileRef = 84A4F1C91738E96700173FC8 /* VGStudentsCell.m */; };
		84A4F1CC1738E98B00173FC8 /* VGSearchCell.xib in Resources */ = {isa = PBXBuildFile; fileRef = 84A4F1CB1738E98B00173FC8 /* VGSearchCell.xib */; };
		84A4F1D21738F04D00173FC8 /* VGPersonsCell.m in Sources */ = {isa = PBXBuildFile; fileRef = 84A4F1D11738F04D00173FC8 /* VGPersonsCell.m */; };
		84A7B1081743ACF50011C9C7 /* VGEditObjectRequest.m in Sources */ = {isa = PBXBuildFile; fileRef = 84A7B1071743ACF50011C9C7 /* VGEditObjectRequest.m */; };
		84A7B10B1743B90E0011C9C7 /* VGAddNewObjectRequest.m in Sources */ = {isa = PBXBuildFile; fileRef = 84A7B10A1743B90E0011C9C7 /* VGAddNewObjectRequest.m */; };
		84C124091740D472000EEFE8 /* Reachability.m in Sources */ = {isa = PBXBuildFile; fileRef = 84C124081740D472000EEFE8 /* Reachability.m */; };
		84C1240B1740D602000EEFE8 /* libz.dylib in Frameworks */ = {isa = PBXBuildFile; fileRef = 84C1240A1740D602000EEFE8 /* libz.dylib */; };
		84DB318D1733A479002833A3 /* VGAlertView.m in Sources */ = {isa = PBXBuildFile; fileRef = 84DB318C1733A479002833A3 /* VGAlertView.m */; };
		84DB31901733A976002833A3 /* VGUtilities.m in Sources */ = {isa = PBXBuildFile; fileRef = 84DB318F1733A976002833A3 /* VGUtilities.m */; };
		84DB31941733ADA2002833A3 /* VGResultViewController.m in Sources */ = {isa = PBXBuildFile; fileRef = 84DB31921733ADA2002833A3 /* VGResultViewController.m */; };
		84DB31951733ADA2002833A3 /* VGResultViewController.xib in Resources */ = {isa = PBXBuildFile; fileRef = 84DB31931733ADA2002833A3 /* VGResultViewController.xib */; };
		84EDC2F61744FC33008E4D24 /* VGReachability.m in Sources */ = {isa = PBXBuildFile; fileRef = 84EDC2F51744FC33008E4D24 /* VGReachability.m */; };
/* End PBXBuildFile section */

/* Begin PBXFileReference section */
		8413303C16E619FC0098D7F8 /* VGUser.h */ = {isa = PBXFileReference; fileEncoding = 4; lastKnownFileType = sourcecode.c.h; name = VGUser.h; path = Model/VGUser.h; sourceTree = "<group>"; };
		8413303D16E619FC0098D7F8 /* VGUser.m */ = {isa = PBXFileReference; fileEncoding = 4; lastKnownFileType = sourcecode.c.objc; name = VGUser.m; path = Model/VGUser.m; sourceTree = "<group>"; };
		8413303F16E6330D0098D7F8 /* vacational_guideline.jpg */ = {isa = PBXFileReference; lastKnownFileType = image.jpeg; name = vacational_guideline.jpg; path = Imges/vacational_guideline.jpg; sourceTree = "<group>"; };
		8413304116E637E90098D7F8 /* employer-icon.png */ = {isa = PBXFileReference; lastKnownFileType = image.png; name = "employer-icon.png"; path = "Imges/employer-icon.png"; sourceTree = "<group>"; };
		8413304916E63C5E0098D7F8 /* VGFieldsListViewController.h */ = {isa = PBXFileReference; fileEncoding = 4; lastKnownFileType = sourcecode.c.h; name = VGFieldsListViewController.h; path = Logic/VGFieldsListViewController.h; sourceTree = "<group>"; };
		8413304A16E63C5E0098D7F8 /* VGFieldsListViewController.m */ = {isa = PBXFileReference; fileEncoding = 4; lastKnownFileType = sourcecode.c.objc; name = VGFieldsListViewController.m; path = Logic/VGFieldsListViewController.m; sourceTree = "<group>"; };
		8413304C16E63C7C0098D7F8 /* VGFieldView.xib */ = {isa = PBXFileReference; fileEncoding = 4; lastKnownFileType = file.xib; name = VGFieldView.xib; path = "Custom Controls/VGFieldView.xib"; sourceTree = "<group>"; };
		841AF4B416DCAC90008FCA42 /* Vocational Guidance.app */ = {isa = PBXFileReference; explicitFileType = wrapper.application; includeInIndex = 0; path = "Vocational Guidance.app"; sourceTree = BUILT_PRODUCTS_DIR; };
		841AF4B716DCAC90008FCA42 /* UIKit.framework */ = {isa = PBXFileReference; lastKnownFileType = wrapper.framework; name = UIKit.framework; path = System/Library/Frameworks/UIKit.framework; sourceTree = SDKROOT; };
		841AF4B916DCAC90008FCA42 /* Foundation.framework */ = {isa = PBXFileReference; lastKnownFileType = wrapper.framework; name = Foundation.framework; path = System/Library/Frameworks/Foundation.framework; sourceTree = SDKROOT; };
		841AF4BB16DCAC90008FCA42 /* CoreGraphics.framework */ = {isa = PBXFileReference; lastKnownFileType = wrapper.framework; name = CoreGraphics.framework; path = System/Library/Frameworks/CoreGraphics.framework; sourceTree = SDKROOT; };
		841AF4BF16DCAC90008FCA42 /* Vocational Guidance-Info.plist */ = {isa = PBXFileReference; lastKnownFileType = text.plist.xml; path = "Vocational Guidance-Info.plist"; sourceTree = "<group>"; };
		841AF4C116DCAC90008FCA42 /* en */ = {isa = PBXFileReference; lastKnownFileType = text.plist.strings; name = en; path = en.lproj/InfoPlist.strings; sourceTree = "<group>"; };
		841AF4C316DCAC90008FCA42 /* main.m */ = {isa = PBXFileReference; lastKnownFileType = sourcecode.c.objc; path = main.m; sourceTree = "<group>"; };
		841AF4C516DCAC90008FCA42 /* Vocational Guidance-Prefix.pch */ = {isa = PBXFileReference; lastKnownFileType = sourcecode.c.h; path = "Vocational Guidance-Prefix.pch"; sourceTree = "<group>"; };
		841AF4C616DCAC90008FCA42 /* VGAppDelegate.h */ = {isa = PBXFileReference; lastKnownFileType = sourcecode.c.h; name = VGAppDelegate.h; path = "Vocational Guidance/VGAppDelegate.h"; sourceTree = "<group>"; };
		841AF4C716DCAC90008FCA42 /* VGAppDelegate.m */ = {isa = PBXFileReference; lastKnownFileType = sourcecode.c.objc; name = VGAppDelegate.m; path = "Vocational Guidance/VGAppDelegate.m"; sourceTree = "<group>"; };
		841AF4C916DCAC90008FCA42 /* Default.png */ = {isa = PBXFileReference; lastKnownFileType = image.png; path = Default.png; sourceTree = "<group>"; };
		841AF4CB16DCAC90008FCA42 /* Default@2x.png */ = {isa = PBXFileReference; lastKnownFileType = image.png; path = "Default@2x.png"; sourceTree = "<group>"; };
		841AF4CD16DCAC90008FCA42 /* Default-568h@2x.png */ = {isa = PBXFileReference; lastKnownFileType = image.png; path = "Default-568h@2x.png"; sourceTree = "<group>"; };
		841AF4E316DCC90C008FCA42 /* VGLoginViewController.h */ = {isa = PBXFileReference; fileEncoding = 4; lastKnownFileType = sourcecode.c.h; path = VGLoginViewController.h; sourceTree = "<group>"; };
		841AF4E416DCC90C008FCA42 /* VGLoginViewController.m */ = {isa = PBXFileReference; fileEncoding = 4; lastKnownFileType = sourcecode.c.objc; path = VGLoginViewController.m; sourceTree = "<group>"; };
		841AF4E516DCC90C008FCA42 /* VGLoginViewController.xib */ = {isa = PBXFileReference; fileEncoding = 4; lastKnownFileType = file.xib; path = VGLoginViewController.xib; sourceTree = "<group>"; };
		841AF4E816DCCB00008FCA42 /* VGLoginPopupViewController.h */ = {isa = PBXFileReference; fileEncoding = 4; lastKnownFileType = sourcecode.c.h; name = VGLoginPopupViewController.h; path = Screens/VGLoginPopupViewController.h; sourceTree = "<group>"; };
		841AF4E916DCCB00008FCA42 /* VGLoginPopupViewController.m */ = {isa = PBXFileReference; fileEncoding = 4; lastKnownFileType = sourcecode.c.objc; name = VGLoginPopupViewController.m; path = Screens/VGLoginPopupViewController.m; sourceTree = "<group>"; };
		841AF4EA16DCCB00008FCA42 /* VGLoginPopupViewController.xib */ = {isa = PBXFileReference; fileEncoding = 4; lastKnownFileType = file.xib; name = VGLoginPopupViewController.xib; path = Screens/VGLoginPopupViewController.xib; sourceTree = "<group>"; };
		841AF4ED16DCDA08008FCA42 /* VGBaseViewController.h */ = {isa = PBXFileReference; fileEncoding = 4; lastKnownFileType = sourcecode.c.h; name = VGBaseViewController.h; path = "Vocational Guidance/Base/VGBaseViewController.h"; sourceTree = "<group>"; };
		841AF4EE16DCDA08008FCA42 /* VGBaseViewController.m */ = {isa = PBXFileReference; fileEncoding = 4; lastKnownFileType = sourcecode.c.objc; name = VGBaseViewController.m; path = "Vocational Guidance/Base/VGBaseViewController.m"; sourceTree = "<group>"; };
		841AF4F216DCEE19008FCA42 /* VGScreenNavigator.h */ = {isa = PBXFileReference; fileEncoding = 4; lastKnownFileType = sourcecode.c.h; name = VGScreenNavigator.h; path = "Vocational Guidance/Base/VGScreenNavigator.h"; sourceTree = "<group>"; };
		841AF4F316DCEE19008FCA42 /* VGScreenNavigator.m */ = {isa = PBXFileReference; fileEncoding = 4; lastKnownFileType = sourcecode.c.objc; name = VGScreenNavigator.m; path = "Vocational Guidance/Base/VGScreenNavigator.m"; sourceTree = "<group>"; };
		841AF4F516DCF35F008FCA42 /* VGSavedScreenInfo.h */ = {isa = PBXFileReference; fileEncoding = 4; lastKnownFileType = sourcecode.c.h; name = VGSavedScreenInfo.h; path = "Vocational Guidance/Base/VGSavedScreenInfo.h"; sourceTree = "<group>"; };
		841AF4F616DCF35F008FCA42 /* VGSavedScreenInfo.m */ = {isa = PBXFileReference; fileEncoding = 4; lastKnownFileType = sourcecode.c.objc; name = VGSavedScreenInfo.m; path = "Vocational Guidance/Base/VGSavedScreenInfo.m"; sourceTree = "<group>"; };
		841AF4FA16DCF931008FCA42 /* QuartzCore.framework */ = {isa = PBXFileReference; lastKnownFileType = wrapper.framework; name = QuartzCore.framework; path = System/Library/Frameworks/QuartzCore.framework; sourceTree = SDKROOT; };
		841AF4FC16DCF9AE008FCA42 /* VGPresentViewController.h */ = {isa = PBXFileReference; fileEncoding = 4; lastKnownFileType = sourcecode.c.h; name = VGPresentViewController.h; path = Screens/VGPresentViewController.h; sourceTree = "<group>"; };
		841AF4FD16DCF9AE008FCA42 /* VGPresentViewController.m */ = {isa = PBXFileReference; fileEncoding = 4; lastKnownFileType = sourcecode.c.objc; name = VGPresentViewController.m; path = Screens/VGPresentViewController.m; sourceTree = "<group>"; };
		841AF4FE16DCF9AE008FCA42 /* VGPresentViewController.xib */ = {isa = PBXFileReference; fileEncoding = 4; lastKnownFileType = file.xib; name = VGPresentViewController.xib; path = Screens/VGPresentViewController.xib; sourceTree = "<group>"; };
		841AF50116DCF9FD008FCA42 /* VGTableViewController.h */ = {isa = PBXFileReference; fileEncoding = 4; lastKnownFileType = sourcecode.c.h; name = VGTableViewController.h; path = Screens/VGTableViewController.h; sourceTree = "<group>"; };
		841AF50216DCF9FD008FCA42 /* VGTableViewController.m */ = {isa = PBXFileReference; fileEncoding = 4; lastKnownFileType = sourcecode.c.objc; name = VGTableViewController.m; path = Screens/VGTableViewController.m; sourceTree = "<group>"; };
		841AF50316DCF9FD008FCA42 /* VGTableViewController.xib */ = {isa = PBXFileReference; fileEncoding = 4; lastKnownFileType = file.xib; name = VGTableViewController.xib; path = Screens/VGTableViewController.xib; sourceTree = "<group>"; };
		841AF50616DCFA0C008FCA42 /* VGSearchViewController.h */ = {isa = PBXFileReference; fileEncoding = 4; lastKnownFileType = sourcecode.c.h; name = VGSearchViewController.h; path = Screens/VGSearchViewController.h; sourceTree = "<group>"; };
		841AF50716DCFA0D008FCA42 /* VGSearchViewController.m */ = {isa = PBXFileReference; fileEncoding = 4; lastKnownFileType = sourcecode.c.objc; name = VGSearchViewController.m; path = Screens/VGSearchViewController.m; sourceTree = "<group>"; };
		841AF50816DCFA0D008FCA42 /* VGSearchViewController.xib */ = {isa = PBXFileReference; fileEncoding = 4; lastKnownFileType = file.xib; name = VGSearchViewController.xib; path = Screens/VGSearchViewController.xib; sourceTree = "<group>"; };
		841AF50B16DCFA1C008FCA42 /* VGDetailViewController.h */ = {isa = PBXFileReference; fileEncoding = 4; lastKnownFileType = sourcecode.c.h; name = VGDetailViewController.h; path = Screens/VGDetailViewController.h; sourceTree = "<group>"; };
		841AF50C16DCFA1C008FCA42 /* VGDetailViewController.m */ = {isa = PBXFileReference; fileEncoding = 4; lastKnownFileType = sourcecode.c.objc; name = VGDetailViewController.m; path = Screens/VGDetailViewController.m; sourceTree = "<group>"; };
		841AF50D16DCFA1D008FCA42 /* VGDetailViewController.xib */ = {isa = PBXFileReference; fileEncoding = 4; lastKnownFileType = file.xib; name = VGDetailViewController.xib; path = Screens/VGDetailViewController.xib; sourceTree = "<group>"; };
		841AF51016DD0116008FCA42 /* VGOptionsViewController.h */ = {isa = PBXFileReference; fileEncoding = 4; lastKnownFileType = sourcecode.c.h; name = VGOptionsViewController.h; path = Screens/VGOptionsViewController.h; sourceTree = "<group>"; };
		841AF51116DD0117008FCA42 /* VGOptionsViewController.m */ = {isa = PBXFileReference; fileEncoding = 4; lastKnownFileType = sourcecode.c.objc; name = VGOptionsViewController.m; path = Screens/VGOptionsViewController.m; sourceTree = "<group>"; };
		841AF51216DD0117008FCA42 /* VGOptionsViewController.xib */ = {isa = PBXFileReference; fileEncoding = 4; lastKnownFileType = file.xib; name = VGOptionsViewController.xib; path = Screens/VGOptionsViewController.xib; sourceTree = "<group>"; };
		841AF51516DD038D008FCA42 /* VGMessageHandlerViewController.h */ = {isa = PBXFileReference; fileEncoding = 4; lastKnownFileType = sourcecode.c.h; name = VGMessageHandlerViewController.h; path = "Vocational Guidance/Base/VGMessageHandlerViewController.h"; sourceTree = "<group>"; };
		841AF51616DD038D008FCA42 /* VGMessageHandlerViewController.m */ = {isa = PBXFileReference; fileEncoding = 4; lastKnownFileType = sourcecode.c.objc; name = VGMessageHandlerViewController.m; path = "Vocational Guidance/Base/VGMessageHandlerViewController.m"; sourceTree = "<group>"; };
		8496AADE16F709C4001E1184 /* VGBaseRequest.h */ = {isa = PBXFileReference; fileEncoding = 4; lastKnownFileType = sourcecode.c.h; name = VGBaseRequest.h; path = WebServices/VGBaseRequest.h; sourceTree = "<group>"; };
		8496AADF16F709C4001E1184 /* VGBaseRequest.m */ = {isa = PBXFileReference; fileEncoding = 4; lastKnownFileType = sourcecode.c.objc; name = VGBaseRequest.m; path = WebServices/VGBaseRequest.m; sourceTree = "<group>"; };
		8496AAE116F70CA0001E1184 /* VGGetPersonRequest.h */ = {isa = PBXFileReference; fileEncoding = 4; lastKnownFileType = sourcecode.c.h; name = VGGetPersonRequest.h; path = WebServices/VGGetPersonRequest.h; sourceTree = "<group>"; };
		8496AAE216F70CA1001E1184 /* VGGetPersonRequest.m */ = {isa = PBXFileReference; fileEncoding = 4; lastKnownFileType = sourcecode.c.objc; name = VGGetPersonRequest.m; path = WebServices/VGGetPersonRequest.m; sourceTree = "<group>"; };
		8496AAE416F70DEE001E1184 /* VGSearchPersonsRequest.h */ = {isa = PBXFileReference; fileEncoding = 4; lastKnownFileType = sourcecode.c.h; name = VGSearchPersonsRequest.h; path = WebServices/VGSearchPersonsRequest.h; sourceTree = "<group>"; };
		8496AAE516F70DEE001E1184 /* VGSearchPersonsRequest.m */ = {isa = PBXFileReference; fileEncoding = 4; lastKnownFileType = sourcecode.c.objc; name = VGSearchPersonsRequest.m; path = WebServices/VGSearchPersonsRequest.m; sourceTree = "<group>"; };
		8496AAEA16F73883001E1184 /* VGChangeCellRequest.h */ = {isa = PBXFileReference; fileEncoding = 4; lastKnownFileType = sourcecode.c.h; name = VGChangeCellRequest.h; path = WebServices/VGChangeCellRequest.h; sourceTree = "<group>"; };
		8496AAEB16F73883001E1184 /* VGChangeCellRequest.m */ = {isa = PBXFileReference; fileEncoding = 4; lastKnownFileType = sourcecode.c.objc; name = VGChangeCellRequest.m; path = WebServices/VGChangeCellRequest.m; sourceTree = "<group>"; };
		849BEB3916F3339C001868D3 /* VGRequestQueue.h */ = {isa = PBXFileReference; fileEncoding = 4; lastKnownFileType = sourcecode.c.h; name = VGRequestQueue.h; path = WebServices/VGRequestQueue.h; sourceTree = "<group>"; };
		849BEB3A16F3339C001868D3 /* VGRequestQueue.m */ = {isa = PBXFileReference; fileEncoding = 4; lastKnownFileType = sourcecode.c.objc; name = VGRequestQueue.m; path = WebServices/VGRequestQueue.m; sourceTree = "<group>"; };
		849CE01B174B838000F31429 /* VGResultRequest.h */ = {isa = PBXFileReference; fileEncoding = 4; lastKnownFileType = sourcecode.c.h; name = VGResultRequest.h; path = WebServices/VGResultRequest.h; sourceTree = "<group>"; };
		849CE01C174B838100F31429 /* VGResultRequest.m */ = {isa = PBXFileReference; fileEncoding = 4; lastKnownFileType = sourcecode.c.objc; name = VGResultRequest.m; path = WebServices/VGResultRequest.m; sourceTree = "<group>"; };
		849D25AC1728184D00F9EB73 /* VGSide.h */ = {isa = PBXFileReference; fileEncoding = 4; lastKnownFileType = sourcecode.c.h; name = VGSide.h; path = Model/VGSide.h; sourceTree = "<group>"; };
		849D25AD1728184D00F9EB73 /* VGSide.m */ = {isa = PBXFileReference; fileEncoding = 4; lastKnownFileType = sourcecode.c.objc; name = VGSide.m; path = Model/VGSide.m; sourceTree = "<group>"; };
		849E569D16DF6450009E9AB6 /* graph-badge.png */ = {isa = PBXFileReference; lastKnownFileType = image.png; name = "graph-badge.png"; path = "Imges/graph-badge.png"; sourceTree = "<group>"; };
		849E569E16DF6450009E9AB6 /* graph-badge@2x.png */ = {isa = PBXFileReference; lastKnownFileType = image.png; name = "graph-badge@2x.png"; path = "Imges/graph-badge@2x.png"; sourceTree = "<group>"; };
		849E56A516DF8FC1009E9AB6 /* VGGraphViewController.h */ = {isa = PBXFileReference; fileEncoding = 4; lastKnownFileType = sourcecode.c.h; name = VGGraphViewController.h; path = Screens/VGGraphViewController.h; sourceTree = "<group>"; };
		849E56A616DF8FC3009E9AB6 /* VGGraphViewController.m */ = {isa = PBXFileReference; fileEncoding = 4; lastKnownFileType = sourcecode.c.objc; name = VGGraphViewController.m; path = Screens/VGGraphViewController.m; sourceTree = "<group>"; };
		849E56A716DF8FC3009E9AB6 /* VGGraphViewController.xib */ = {isa = PBXFileReference; fileEncoding = 4; lastKnownFileType = file.xib; name = VGGraphViewController.xib; path = Screens/VGGraphViewController.xib; sourceTree = "<group>"; };
		849E56AA16DFA354009E9AB6 /* VGGraphItem.xib */ = {isa = PBXFileReference; fileEncoding = 4; lastKnownFileType = file.xib; path = VGGraphItem.xib; sourceTree = "<group>"; };
		849FF17316E88D35006984AC /* VGStudent.h */ = {isa = PBXFileReference; fileEncoding = 4; lastKnownFileType = sourcecode.c.h; name = VGStudent.h; path = Model/VGStudent.h; sourceTree = "<group>"; };
		849FF17416E88D35006984AC /* VGStudent.m */ = {isa = PBXFileReference; fileEncoding = 4; lastKnownFileType = sourcecode.c.objc; name = VGStudent.m; path = Model/VGStudent.m; sourceTree = "<group>"; };
		849FF17616E88DD5006984AC /* VGSubject.h */ = {isa = PBXFileReference; fileEncoding = 4; lastKnownFileType = sourcecode.c.h; name = VGSubject.h; path = Model/VGSubject.h; sourceTree = "<group>"; };
		849FF17716E88DD5006984AC /* VGSubject.m */ = {isa = PBXFileReference; fileEncoding = 4; lastKnownFileType = sourcecode.c.objc; name = VGSubject.m; path = Model/VGSubject.m; sourceTree = "<group>"; };
		849FF17916E88EA3006984AC /* VGSkill.h */ = {isa = PBXFileReference; fileEncoding = 4; lastKnownFileType = sourcecode.c.h; name = VGSkill.h; path = Model/VGSkill.h; sourceTree = "<group>"; };
		849FF17A16E88EA3006984AC /* VGSkill.m */ = {isa = PBXFileReference; fileEncoding = 4; lastKnownFileType = sourcecode.c.objc; name = VGSkill.m; path = Model/VGSkill.m; sourceTree = "<group>"; };
		849FF17C16E88F08006984AC /* VGJob.h */ = {isa = PBXFileReference; fileEncoding = 4; lastKnownFileType = sourcecode.c.h; name = VGJob.h; path = Model/VGJob.h; sourceTree = "<group>"; };
		849FF17D16E88F08006984AC /* VGJob.m */ = {isa = PBXFileReference; fileEncoding = 4; lastKnownFileType = sourcecode.c.objc; name = VGJob.m; path = Model/VGJob.m; sourceTree = "<group>"; };
		849FF18816E8959D006984AC /* VGBaseDataModel.h */ = {isa = PBXFileReference; fileEncoding = 4; lastKnownFileType = sourcecode.c.h; name = VGBaseDataModel.h; path = Model/VGBaseDataModel.h; sourceTree = "<group>"; };
		849FF18916E8959E006984AC /* VGBaseDataModel.m */ = {isa = PBXFileReference; fileEncoding = 4; lastKnownFileType = sourcecode.c.objc; name = VGBaseDataModel.m; path = Model/VGBaseDataModel.m; sourceTree = "<group>"; };
		849FF18B16E8974A006984AC /* secretar-icon.jpeg */ = {isa = PBXFileReference; lastKnownFileType = image.jpeg; name = "secretar-icon.jpeg"; path = "Imges/secretar-icon.jpeg"; sourceTree = "<group>"; };
		849FF18D16E89758006984AC /* expert-icon.jpeg */ = {isa = PBXFileReference; lastKnownFileType = image.jpeg; name = "expert-icon.jpeg"; path = "Imges/expert-icon.jpeg"; sourceTree = "<group>"; };
		849FF18E16E89758006984AC /* skill-icon.jpg */ = {isa = PBXFileReference; lastKnownFileType = image.jpeg; name = "skill-icon.jpg"; path = "Imges/skill-icon.jpg"; sourceTree = "<group>"; };
		849FF19116E89908006984AC /* anonumous-icon.png */ = {isa = PBXFileReference; lastKnownFileType = image.png; name = "anonumous-icon.png"; path = "Imges/anonumous-icon.png"; sourceTree = "<group>"; };
		849FF19216E89908006984AC /* job-icon.jpg */ = {isa = PBXFileReference; lastKnownFileType = image.jpeg; name = "job-icon.jpg"; path = "Imges/job-icon.jpg"; sourceTree = "<group>"; };
		849FF19316E89908006984AC /* manager-icon.jpg */ = {isa = PBXFileReference; lastKnownFileType = image.jpeg; name = "manager-icon.jpg"; path = "Imges/manager-icon.jpg"; sourceTree = "<group>"; };
		849FF19416E89909006984AC /* student-icon.png */ = {isa = PBXFileReference; lastKnownFileType = image.png; name = "student-icon.png"; path = "Imges/student-icon.png"; sourceTree = "<group>"; };
		849FF19516E89909006984AC /* subject-icon.jpg */ = {isa = PBXFileReference; lastKnownFileType = image.jpeg; name = "subject-icon.jpg"; path = "Imges/subject-icon.jpg"; sourceTree = "<group>"; };
		849FF19B16E89ADA006984AC /* Subject.plist */ = {isa = PBXFileReference; fileEncoding = 4; lastKnownFileType = text.plist.xml; path = Subject.plist; sourceTree = "<group>"; };
		849FF19D16E89B2E006984AC /* Skill.plist */ = {isa = PBXFileReference; fileEncoding = 4; lastKnownFileType = text.plist.xml; path = Skill.plist; sourceTree = "<group>"; };
		849FF19F16E89BD0006984AC /* Job.plist */ = {isa = PBXFileReference; fileEncoding = 4; lastKnownFileType = text.plist.xml; path = Job.plist; sourceTree = "<group>"; };
		849FF1A116E89CB1006984AC /* Student.plist */ = {isa = PBXFileReference; fileEncoding = 4; lastKnownFileType = text.plist.xml; path = Student.plist; sourceTree = "<group>"; };
		849FF1A616E8DBFA006984AC /* User.plist */ = {isa = PBXFileReference; fileEncoding = 4; lastKnownFileType = text.plist.xml; path = User.plist; sourceTree = "<group>"; };
		84A0CF8F1757473B002F809D /* MainBackgraund.png */ = {isa = PBXFileReference; lastKnownFileType = image.png; name = MainBackgraund.png; path = Design/MainBackgraund.png; sourceTree = "<group>"; };
		84A0CF9317574899002F809D /* forTableScrin2.png */ = {isa = PBXFileReference; lastKnownFileType = image.png; name = forTableScrin2.png; path = Design/forTableScrin2.png; sourceTree = "<group>"; };
		84A0CF951757492F002F809D /* forTabelScrin1.png */ = {isa = PBXFileReference; lastKnownFileType = image.png; name = forTabelScrin1.png; path = Design/forTabelScrin1.png; sourceTree = "<group>"; };
		84A0CF9717574D2B002F809D /* CloseButton.png */ = {isa = PBXFileReference; lastKnownFileType = image.png; name = CloseButton.png; path = Design/CloseButton.png; sourceTree = "<group>"; };
		84A0CF9917574E0E002F809D /* LoginButton.png */ = {isa = PBXFileReference; lastKnownFileType = image.png; name = LoginButton.png; path = Design/LoginButton.png; sourceTree = "<group>"; };
		84A0CF9B17574FA4002F809D /* ResultBackground.png */ = {isa = PBXFileReference; lastKnownFileType = image.png; name = ResultBackground.png; path = Design/ResultBackground.png; sourceTree = "<group>"; };
		84A0CF9D17575068002F809D /* ListLabelCell.png */ = {isa = PBXFileReference; lastKnownFileType = image.png; name = ListLabelCell.png; path = Design/ListLabelCell.png; sourceTree = "<group>"; };
		84A0CF9F17575333002F809D /* BaseButton.png */ = {isa = PBXFileReference; lastKnownFileType = image.png; name = BaseButton.png; path = Design/BaseButton.png; sourceTree = "<group>"; };
		84A0CFA117575BFF002F809D /* MainBackground2.jpg */ = {isa = PBXFileReference; lastKnownFileType = image.jpeg; name = MainBackground2.jpg; path = Design/MainBackground2.jpg; sourceTree = "<group>"; };
		84A0CFA217575BFF002F809D /* MainBackground3.jpg */ = {isa = PBXFileReference; lastKnownFileType = image.jpeg; name = MainBackground3.jpg; path = Design/MainBackground3.jpg; sourceTree = "<group>"; };
		84A0CFA317575BFF002F809D /* MainBackground4.jpg */ = {isa = PBXFileReference; lastKnownFileType = image.jpeg; name = MainBackground4.jpg; path = Design/MainBackground4.jpg; sourceTree = "<group>"; };
		84A0CFA717575F15002F809D /* MainBackground5.jpg */ = {isa = PBXFileReference; lastKnownFileType = image.jpeg; name = MainBackground5.jpg; path = Design/MainBackground5.jpg; sourceTree = "<group>"; };
		84A0CFA817575F15002F809D /* MainBackround6.jpg */ = {isa = PBXFileReference; lastKnownFileType = image.jpeg; name = MainBackround6.jpg; path = Design/MainBackround6.jpg; sourceTree = "<group>"; };
		84A2C86B16F873EF00DA12D5 /* CFNetwork.framework */ = {isa = PBXFileReference; lastKnownFileType = wrapper.framework; name = CFNetwork.framework; path = System/Library/Frameworks/CFNetwork.framework; sourceTree = SDKROOT; };
		84A2C86D16F873FC00DA12D5 /* SystemConfiguration.framework */ = {isa = PBXFileReference; lastKnownFileType = wrapper.framework; name = SystemConfiguration.framework; path = System/Library/Frameworks/SystemConfiguration.framework; sourceTree = SDKROOT; };
		84A2C86F16F8740600DA12D5 /* MobileCoreServices.framework */ = {isa = PBXFileReference; lastKnownFileType = wrapper.framework; name = MobileCoreServices.framework; path = System/Library/Frameworks/MobileCoreServices.framework; sourceTree = SDKROOT; };
		84A2C88516F8AD8500DA12D5 /* Security.framework */ = {isa = PBXFileReference; lastKnownFileType = wrapper.framework; name = Security.framework; path = System/Library/Frameworks/Security.framework; sourceTree = SDKROOT; };
		84A2C88716F8AD9400DA12D5 /* libxml2.dylib */ = {isa = PBXFileReference; lastKnownFileType = "compiled.mach-o.dylib"; name = libxml2.dylib; path = usr/lib/libxml2.dylib; sourceTree = SDKROOT; };
		84A47E4816DE39D100A78089 /* VGTableView.h */ = {isa = PBXFileReference; fileEncoding = 4; lastKnownFileType = sourcecode.c.h; name = VGTableView.h; path = "Custom Controls/VGTableView.h"; sourceTree = "<group>"; };
		84A47E4916DE39D100A78089 /* VGTableView.m */ = {isa = PBXFileReference; fileEncoding = 4; lastKnownFileType = sourcecode.c.objc; name = VGTableView.m; path = "Custom Controls/VGTableView.m"; sourceTree = "<group>"; };
		84A47E5016DE5ABB00A78089 /* VGAddToTableViewController.h */ = {isa = PBXFileReference; fileEncoding = 4; lastKnownFileType = sourcecode.c.h; name = VGAddToTableViewController.h; path = Screens/VGAddToTableViewController.h; sourceTree = "<group>"; };
		84A47E5116DE5ABB00A78089 /* VGAddToTableViewController.m */ = {isa = PBXFileReference; fileEncoding = 4; lastKnownFileType = sourcecode.c.objc; name = VGAddToTableViewController.m; path = Screens/VGAddToTableViewController.m; sourceTree = "<group>"; };
		84A47E5216DE5ABB00A78089 /* VGAddToTableViewController.xib */ = {isa = PBXFileReference; fileEncoding = 4; lastKnownFileType = file.xib; name = VGAddToTableViewController.xib; path = Screens/VGAddToTableViewController.xib; sourceTree = "<group>"; };
		84A4F1C81738E96700173FC8 /* VGStudentsCell.h */ = {isa = PBXFileReference; fileEncoding = 4; lastKnownFileType = sourcecode.c.h; name = VGStudentsCell.h; path = "Custom Controls/VGStudentsCell.h"; sourceTree = "<group>"; };
		84A4F1C91738E96700173FC8 /* VGStudentsCell.m */ = {isa = PBXFileReference; fileEncoding = 4; lastKnownFileType = sourcecode.c.objc; name = VGStudentsCell.m; path = "Custom Controls/VGStudentsCell.m"; sourceTree = "<group>"; };
		84A4F1CB1738E98B00173FC8 /* VGSearchCell.xib */ = {isa = PBXFileReference; fileEncoding = 4; lastKnownFileType = file.xib; name = VGSearchCell.xib; path = "Custom Controls/VGSearchCell.xib"; sourceTree = "<group>"; };
		84A4F1D01738F04D00173FC8 /* VGPersonsCell.h */ = {isa = PBXFileReference; fileEncoding = 4; lastKnownFileType = sourcecode.c.h; name = VGPersonsCell.h; path = "Custom Controls/VGPersonsCell.h"; sourceTree = "<group>"; };
		84A4F1D11738F04D00173FC8 /* VGPersonsCell.m */ = {isa = PBXFileReference; fileEncoding = 4; lastKnownFileType = sourcecode.c.objc; name = VGPersonsCell.m; path = "Custom Controls/VGPersonsCell.m"; sourceTree = "<group>"; };
		84A7B1061743ACF40011C9C7 /* VGEditObjectRequest.h */ = {isa = PBXFileReference; fileEncoding = 4; lastKnownFileType = sourcecode.c.h; name = VGEditObjectRequest.h; path = WebServices/VGEditObjectRequest.h; sourceTree = "<group>"; };
		84A7B1071743ACF50011C9C7 /* VGEditObjectRequest.m */ = {isa = PBXFileReference; fileEncoding = 4; lastKnownFileType = sourcecode.c.objc; name = VGEditObjectRequest.m; path = WebServices/VGEditObjectRequest.m; sourceTree = "<group>"; };
		84A7B1091743B90E0011C9C7 /* VGAddNewObjectRequest.h */ = {isa = PBXFileReference; fileEncoding = 4; lastKnownFileType = sourcecode.c.h; name = VGAddNewObjectRequest.h; path = WebServices/VGAddNewObjectRequest.h; sourceTree = "<group>"; };
		84A7B10A1743B90E0011C9C7 /* VGAddNewObjectRequest.m */ = {isa = PBXFileReference; fileEncoding = 4; lastKnownFileType = sourcecode.c.objc; name = VGAddNewObjectRequest.m; path = WebServices/VGAddNewObjectRequest.m; sourceTree = "<group>"; };
		84C124071740D472000EEFE8 /* Reachability.h */ = {isa = PBXFileReference; fileEncoding = 4; lastKnownFileType = sourcecode.c.h; path = Reachability.h; sourceTree = "<group>"; };
		84C124081740D472000EEFE8 /* Reachability.m */ = {isa = PBXFileReference; fileEncoding = 4; lastKnownFileType = sourcecode.c.objc; path = Reachability.m; sourceTree = "<group>"; };
		84C1240A1740D602000EEFE8 /* libz.dylib */ = {isa = PBXFileReference; lastKnownFileType = "compiled.mach-o.dylib"; name = libz.dylib; path = usr/lib/libz.dylib; sourceTree = SDKROOT; };
		84DB318B1733A479002833A3 /* VGAlertView.h */ = {isa = PBXFileReference; fileEncoding = 4; lastKnownFileType = sourcecode.c.h; name = VGAlertView.h; path = "Custom Controls/VGAlertView.h"; sourceTree = "<group>"; };
		84DB318C1733A479002833A3 /* VGAlertView.m */ = {isa = PBXFileReference; fileEncoding = 4; lastKnownFileType = sourcecode.c.objc; name = VGAlertView.m; path = "Custom Controls/VGAlertView.m"; sourceTree = "<group>"; };
		84DB318E1733A976002833A3 /* VGUtilities.h */ = {isa = PBXFileReference; fileEncoding = 4; lastKnownFileType = sourcecode.c.h; name = VGUtilities.h; path = "Vocational Guidance/Base/VGUtilities.h"; sourceTree = "<group>"; };
		84DB318F1733A976002833A3 /* VGUtilities.m */ = {isa = PBXFileReference; fileEncoding = 4; lastKnownFileType = sourcecode.c.objc; name = VGUtilities.m; path = "Vocational Guidance/Base/VGUtilities.m"; sourceTree = "<group>"; };
		84DB31911733ADA2002833A3 /* VGResultViewController.h */ = {isa = PBXFileReference; fileEncoding = 4; lastKnownFileType = sourcecode.c.h; name = VGResultViewController.h; path = Screens/VGResultViewController.h; sourceTree = "<group>"; };
		84DB31921733ADA2002833A3 /* VGResultViewController.m */ = {isa = PBXFileReference; fileEncoding = 4; lastKnownFileType = sourcecode.c.objc; name = VGResultViewController.m; path = Screens/VGResultViewController.m; sourceTree = "<group>"; };
		84DB31931733ADA2002833A3 /* VGResultViewController.xib */ = {isa = PBXFileReference; fileEncoding = 4; lastKnownFileType = file.xib; name = VGResultViewController.xib; path = Screens/VGResultViewController.xib; sourceTree = "<group>"; };
		84EDC2F41744FC33008E4D24 /* VGReachability.h */ = {isa = PBXFileReference; fileEncoding = 4; lastKnownFileType = sourcecode.c.h; path = VGReachability.h; sourceTree = "<group>"; };
		84EDC2F51744FC33008E4D24 /* VGReachability.m */ = {isa = PBXFileReference; fileEncoding = 4; lastKnownFileType = sourcecode.c.objc; path = VGReachability.m; sourceTree = "<group>"; };
/* End PBXFileReference section */

/* Begin PBXFrameworksBuildPhase section */
		841AF4B116DCAC90008FCA42 /* Frameworks */ = {
			isa = PBXFrameworksBuildPhase;
			buildActionMask = 2147483647;
			files = (
				84C1240B1740D602000EEFE8 /* libz.dylib in Frameworks */,
				84A2C88616F8AD8500DA12D5 /* Security.framework in Frameworks */,
				84A2C88816F8AD9400DA12D5 /* libxml2.dylib in Frameworks */,
				84A2C87016F8740600DA12D5 /* MobileCoreServices.framework in Frameworks */,
				84A2C86E16F873FC00DA12D5 /* SystemConfiguration.framework in Frameworks */,
				84A2C86C16F873EF00DA12D5 /* CFNetwork.framework in Frameworks */,
				841AF4FB16DCF931008FCA42 /* QuartzCore.framework in Frameworks */,
				841AF4B816DCAC90008FCA42 /* UIKit.framework in Frameworks */,
				841AF4BA16DCAC90008FCA42 /* Foundation.framework in Frameworks */,
				841AF4BC16DCAC90008FCA42 /* CoreGraphics.framework in Frameworks */,
			);
			runOnlyForDeploymentPostprocessing = 0;
		};
/* End PBXFrameworksBuildPhase section */

/* Begin PBXGroup section */
		8413303B16E619D10098D7F8 /* Model */ = {
			isa = PBXGroup;
			children = (
				8413303C16E619FC0098D7F8 /* VGUser.h */,
				8413303D16E619FC0098D7F8 /* VGUser.m */,
				849FF17316E88D35006984AC /* VGStudent.h */,
				849FF17416E88D35006984AC /* VGStudent.m */,
				849FF17616E88DD5006984AC /* VGSubject.h */,
				849FF17716E88DD5006984AC /* VGSubject.m */,
				849FF17916E88EA3006984AC /* VGSkill.h */,
				849FF17A16E88EA3006984AC /* VGSkill.m */,
				849FF17C16E88F08006984AC /* VGJob.h */,
				849FF17D16E88F08006984AC /* VGJob.m */,
				849FF18816E8959D006984AC /* VGBaseDataModel.h */,
				849FF18916E8959E006984AC /* VGBaseDataModel.m */,
				849D25AC1728184D00F9EB73 /* VGSide.h */,
				849D25AD1728184D00F9EB73 /* VGSide.m */,
			);
			name = Model;
			sourceTree = "<group>";
		};
		841AF4AB16DCAC90008FCA42 = {
			isa = PBXGroup;
			children = (
				841AF4BD16DCAC90008FCA42 /* Vocational Guidance */,
				841AF4B616DCAC90008FCA42 /* Frameworks */,
				841AF4B516DCAC90008FCA42 /* Products */,
			);
			sourceTree = "<group>";
		};
		841AF4B516DCAC90008FCA42 /* Products */ = {
			isa = PBXGroup;
			children = (
				841AF4B416DCAC90008FCA42 /* Vocational Guidance.app */,
			);
			name = Products;
			sourceTree = "<group>";
		};
		841AF4B616DCAC90008FCA42 /* Frameworks */ = {
			isa = PBXGroup;
			children = (
				84A2C88716F8AD9400DA12D5 /* libxml2.dylib */,
				84C1240A1740D602000EEFE8 /* libz.dylib */,
				84A2C88516F8AD8500DA12D5 /* Security.framework */,
				84A2C86F16F8740600DA12D5 /* MobileCoreServices.framework */,
				84A2C86D16F873FC00DA12D5 /* SystemConfiguration.framework */,
				84A2C86B16F873EF00DA12D5 /* CFNetwork.framework */,
				841AF4FA16DCF931008FCA42 /* QuartzCore.framework */,
				841AF4B716DCAC90008FCA42 /* UIKit.framework */,
				841AF4B916DCAC90008FCA42 /* Foundation.framework */,
				841AF4BB16DCAC90008FCA42 /* CoreGraphics.framework */,
			);
			name = Frameworks;
			sourceTree = "<group>";
		};
		841AF4BD16DCAC90008FCA42 /* Vocational Guidance */ = {
			isa = PBXGroup;
			children = (
				8413303B16E619D10098D7F8 /* Model */,
				84A47E3C16DE332600A78089 /* Custom Controls */,
				841AF51816DD0C81008FCA42 /* Logic */,
				841AF4DD16DCC596008FCA42 /* Screens */,
				841AF4DC16DCC580008FCA42 /* Base Classes */,
				841AF4DB16DCAF35008FCA42 /* Web Services */,
				841AF4DA16DCAF23008FCA42 /* Images */,
				841AF4BE16DCAC90008FCA42 /* Supporting Files */,
			);
			path = "Vocational Guidance";
			sourceTree = "<group>";
		};
		841AF4BE16DCAC90008FCA42 /* Supporting Files */ = {
			isa = PBXGroup;
			children = (
				841AF4BF16DCAC90008FCA42 /* Vocational Guidance-Info.plist */,
				841AF4C016DCAC90008FCA42 /* InfoPlist.strings */,
				841AF4C316DCAC90008FCA42 /* main.m */,
				841AF4C516DCAC90008FCA42 /* Vocational Guidance-Prefix.pch */,
				841AF4C916DCAC90008FCA42 /* Default.png */,
				841AF4CB16DCAC90008FCA42 /* Default@2x.png */,
				841AF4CD16DCAC90008FCA42 /* Default-568h@2x.png */,
				849FF19B16E89ADA006984AC /* Subject.plist */,
				849FF19D16E89B2E006984AC /* Skill.plist */,
				849FF19F16E89BD0006984AC /* Job.plist */,
				849FF1A116E89CB1006984AC /* Student.plist */,
				849FF1A616E8DBFA006984AC /* User.plist */,
			);
			name = "Supporting Files";
			sourceTree = "<group>";
		};
		841AF4DA16DCAF23008FCA42 /* Images */ = {
			isa = PBXGroup;
			children = (
				84A0CF8E17574704002F809D /* Design */,
				849FF19116E89908006984AC /* anonumous-icon.png */,
				849FF19216E89908006984AC /* job-icon.jpg */,
				849FF19316E89908006984AC /* manager-icon.jpg */,
				849FF19416E89909006984AC /* student-icon.png */,
				849FF19516E89909006984AC /* subject-icon.jpg */,
				849FF18D16E89758006984AC /* expert-icon.jpeg */,
				849FF18E16E89758006984AC /* skill-icon.jpg */,
				849FF18B16E8974A006984AC /* secretar-icon.jpeg */,
				8413304116E637E90098D7F8 /* employer-icon.png */,
				8413303F16E6330D0098D7F8 /* vacational_guideline.jpg */,
				849E569D16DF6450009E9AB6 /* graph-badge.png */,
				849E569E16DF6450009E9AB6 /* graph-badge@2x.png */,
			);
			name = Images;
			sourceTree = "<group>";
		};
		841AF4DB16DCAF35008FCA42 /* Web Services */ = {
			isa = PBXGroup;
			children = (
				84C124061740D472000EEFE8 /* Reachablitiy */,
				84A7B1091743B90E0011C9C7 /* VGAddNewObjectRequest.h */,
				84A7B10A1743B90E0011C9C7 /* VGAddNewObjectRequest.m */,
				849BEB3916F3339C001868D3 /* VGRequestQueue.h */,
				849BEB3A16F3339C001868D3 /* VGRequestQueue.m */,
				8496AADE16F709C4001E1184 /* VGBaseRequest.h */,
				8496AADF16F709C4001E1184 /* VGBaseRequest.m */,
				8496AAE116F70CA0001E1184 /* VGGetPersonRequest.h */,
				8496AAE216F70CA1001E1184 /* VGGetPersonRequest.m */,
				8496AAE416F70DEE001E1184 /* VGSearchPersonsRequest.h */,
				8496AAE516F70DEE001E1184 /* VGSearchPersonsRequest.m */,
				8496AAEA16F73883001E1184 /* VGChangeCellRequest.h */,
				8496AAEB16F73883001E1184 /* VGChangeCellRequest.m */,
				84A7B1061743ACF40011C9C7 /* VGEditObjectRequest.h */,
				84A7B1071743ACF50011C9C7 /* VGEditObjectRequest.m */,
				849CE01B174B838000F31429 /* VGResultRequest.h */,
				849CE01C174B838100F31429 /* VGResultRequest.m */,
			);
			name = "Web Services";
			sourceTree = "<group>";
		};
		841AF4DC16DCC580008FCA42 /* Base Classes */ = {
			isa = PBXGroup;
			children = (
				841AF4C616DCAC90008FCA42 /* VGAppDelegate.h */,
				841AF4C716DCAC90008FCA42 /* VGAppDelegate.m */,
				841AF4ED16DCDA08008FCA42 /* VGBaseViewController.h */,
				841AF4EE16DCDA08008FCA42 /* VGBaseViewController.m */,
				841AF4F216DCEE19008FCA42 /* VGScreenNavigator.h */,
				841AF4F316DCEE19008FCA42 /* VGScreenNavigator.m */,
				841AF4F516DCF35F008FCA42 /* VGSavedScreenInfo.h */,
				841AF4F616DCF35F008FCA42 /* VGSavedScreenInfo.m */,
				841AF51516DD038D008FCA42 /* VGMessageHandlerViewController.h */,
				841AF51616DD038D008FCA42 /* VGMessageHandlerViewController.m */,
				84DB318E1733A976002833A3 /* VGUtilities.h */,
				84DB318F1733A976002833A3 /* VGUtilities.m */,
			);
			name = "Base Classes";
			path = ..;
			sourceTree = "<group>";
		};
		841AF4DD16DCC596008FCA42 /* Screens */ = {
			isa = PBXGroup;
			children = (
				841AF4E316DCC90C008FCA42 /* VGLoginViewController.h */,
				841AF4E416DCC90C008FCA42 /* VGLoginViewController.m */,
				841AF4E516DCC90C008FCA42 /* VGLoginViewController.xib */,
				841AF4E816DCCB00008FCA42 /* VGLoginPopupViewController.h */,
				841AF4E916DCCB00008FCA42 /* VGLoginPopupViewController.m */,
				841AF4EA16DCCB00008FCA42 /* VGLoginPopupViewController.xib */,
				841AF4FC16DCF9AE008FCA42 /* VGPresentViewController.h */,
				841AF4FD16DCF9AE008FCA42 /* VGPresentViewController.m */,
				841AF4FE16DCF9AE008FCA42 /* VGPresentViewController.xib */,
				841AF50116DCF9FD008FCA42 /* VGTableViewController.h */,
				841AF50216DCF9FD008FCA42 /* VGTableViewController.m */,
				841AF50316DCF9FD008FCA42 /* VGTableViewController.xib */,
				841AF50616DCFA0C008FCA42 /* VGSearchViewController.h */,
				841AF50716DCFA0D008FCA42 /* VGSearchViewController.m */,
				841AF50816DCFA0D008FCA42 /* VGSearchViewController.xib */,
				841AF50B16DCFA1C008FCA42 /* VGDetailViewController.h */,
				841AF50C16DCFA1C008FCA42 /* VGDetailViewController.m */,
				841AF50D16DCFA1D008FCA42 /* VGDetailViewController.xib */,
				841AF51016DD0116008FCA42 /* VGOptionsViewController.h */,
				841AF51116DD0117008FCA42 /* VGOptionsViewController.m */,
				841AF51216DD0117008FCA42 /* VGOptionsViewController.xib */,
				84A47E5016DE5ABB00A78089 /* VGAddToTableViewController.h */,
				84A47E5116DE5ABB00A78089 /* VGAddToTableViewController.m */,
				84A47E5216DE5ABB00A78089 /* VGAddToTableViewController.xib */,
				849E56A516DF8FC1009E9AB6 /* VGGraphViewController.h */,
				849E56A616DF8FC3009E9AB6 /* VGGraphViewController.m */,
				849E56A716DF8FC3009E9AB6 /* VGGraphViewController.xib */,
				84DB31911733ADA2002833A3 /* VGResultViewController.h */,
				84DB31921733ADA2002833A3 /* VGResultViewController.m */,
				84DB31931733ADA2002833A3 /* VGResultViewController.xib */,
			);
			name = Screens;
			sourceTree = "<group>";
		};
		841AF51816DD0C81008FCA42 /* Logic */ = {
			isa = PBXGroup;
			children = (
				8413304916E63C5E0098D7F8 /* VGFieldsListViewController.h */,
				8413304A16E63C5E0098D7F8 /* VGFieldsListViewController.m */,
			);
			name = Logic;
			sourceTree = "<group>";
		};
		84A0CF8E17574704002F809D /* Design */ = {
			isa = PBXGroup;
			children = (
				84A0CFA717575F15002F809D /* MainBackground5.jpg */,
				84A0CFA817575F15002F809D /* MainBackround6.jpg */,
				84A0CFA117575BFF002F809D /* MainBackground2.jpg */,
				84A0CFA217575BFF002F809D /* MainBackground3.jpg */,
				84A0CFA317575BFF002F809D /* MainBackground4.jpg */,
				84A0CF9F17575333002F809D /* BaseButton.png */,
				84A0CF9D17575068002F809D /* ListLabelCell.png */,
				84A0CF9B17574FA4002F809D /* ResultBackground.png */,
				84A0CF9917574E0E002F809D /* LoginButton.png */,
				84A0CF9717574D2B002F809D /* CloseButton.png */,
				84A0CF951757492F002F809D /* forTabelScrin1.png */,
				84A0CF9317574899002F809D /* forTableScrin2.png */,
				84A0CF8F1757473B002F809D /* MainBackgraund.png */,
			);
			name = Design;
			sourceTree = "<group>";
		};
		84A47E3C16DE332600A78089 /* Custom Controls */ = {
			isa = PBXGroup;
			children = (
				84A47E4816DE39D100A78089 /* VGTableView.h */,
				84A47E4916DE39D100A78089 /* VGTableView.m */,
				849E56AA16DFA354009E9AB6 /* VGGraphItem.xib */,
				8413304C16E63C7C0098D7F8 /* VGFieldView.xib */,
				84DB318B1733A479002833A3 /* VGAlertView.h */,
				84DB318C1733A479002833A3 /* VGAlertView.m */,
				84A4F1C81738E96700173FC8 /* VGStudentsCell.h */,
				84A4F1C91738E96700173FC8 /* VGStudentsCell.m */,
				84A4F1CB1738E98B00173FC8 /* VGSearchCell.xib */,
				84A4F1D01738F04D00173FC8 /* VGPersonsCell.h */,
				84A4F1D11738F04D00173FC8 /* VGPersonsCell.m */,
			);
			name = "Custom Controls";
			sourceTree = "<group>";
		};
		84C124061740D472000EEFE8 /* Reachablitiy */ = {
			isa = PBXGroup;
			children = (
				84EDC2F41744FC33008E4D24 /* VGReachability.h */,
				84EDC2F51744FC33008E4D24 /* VGReachability.m */,
				84C124071740D472000EEFE8 /* Reachability.h */,
				84C124081740D472000EEFE8 /* Reachability.m */,
			);
			path = Reachablitiy;
			sourceTree = "<group>";
		};
/* End PBXGroup section */

/* Begin PBXNativeTarget section */
		841AF4B316DCAC90008FCA42 /* Vocational Guidance */ = {
			isa = PBXNativeTarget;
			buildConfigurationList = 841AF4D716DCAC90008FCA42 /* Build configuration list for PBXNativeTarget "Vocational Guidance" */;
			buildPhases = (
				841AF4B016DCAC90008FCA42 /* Sources */,
				841AF4B116DCAC90008FCA42 /* Frameworks */,
				841AF4B216DCAC90008FCA42 /* Resources */,
			);
			buildRules = (
			);
			dependencies = (
			);
			name = "Vocational Guidance";
			productName = "Vocational Guidance";
			productReference = 841AF4B416DCAC90008FCA42 /* Vocational Guidance.app */;
			productType = "com.apple.product-type.application";
		};
/* End PBXNativeTarget section */

/* Begin PBXProject section */
		841AF4AC16DCAC90008FCA42 /* Project object */ = {
			isa = PBXProject;
			attributes = {
				CLASSPREFIX = VG;
				LastUpgradeCheck = 0460;
				ORGANIZATIONNAME = K304;
			};
			buildConfigurationList = 841AF4AF16DCAC90008FCA42 /* Build configuration list for PBXProject "Vocational Guidance" */;
			compatibilityVersion = "Xcode 3.2";
			developmentRegion = English;
			hasScannedForEncodings = 0;
			knownRegions = (
				en,
			);
			mainGroup = 841AF4AB16DCAC90008FCA42;
			productRefGroup = 841AF4B516DCAC90008FCA42 /* Products */;
			projectDirPath = "";
			projectRoot = "";
			targets = (
				841AF4B316DCAC90008FCA42 /* Vocational Guidance */,
			);
		};
/* End PBXProject section */

/* Begin PBXResourcesBuildPhase section */
		841AF4B216DCAC90008FCA42 /* Resources */ = {
			isa = PBXResourcesBuildPhase;
			buildActionMask = 2147483647;
			files = (
				841AF4C216DCAC90008FCA42 /* InfoPlist.strings in Resources */,
				841AF4CA16DCAC90008FCA42 /* Default.png in Resources */,
				841AF4CC16DCAC90008FCA42 /* Default@2x.png in Resources */,
				841AF4CE16DCAC90008FCA42 /* Default-568h@2x.png in Resources */,
				841AF4E716DCC90C008FCA42 /* VGLoginViewController.xib in Resources */,
				841AF4EC16DCCB00008FCA42 /* VGLoginPopupViewController.xib in Resources */,
				841AF50016DCF9AE008FCA42 /* VGPresentViewController.xib in Resources */,
				841AF50516DCF9FE008FCA42 /* VGTableViewController.xib in Resources */,
				841AF50A16DCFA0D008FCA42 /* VGSearchViewController.xib in Resources */,
				841AF50F16DCFA1D008FCA42 /* VGDetailViewController.xib in Resources */,
				841AF51416DD0117008FCA42 /* VGOptionsViewController.xib in Resources */,
				84A47E5416DE5ABB00A78089 /* VGAddToTableViewController.xib in Resources */,
				849E569F16DF6450009E9AB6 /* graph-badge.png in Resources */,
				849E56A016DF6450009E9AB6 /* graph-badge@2x.png in Resources */,
				849E56A916DF8FC4009E9AB6 /* VGGraphViewController.xib in Resources */,
				849E56AB16DFA354009E9AB6 /* VGGraphItem.xib in Resources */,
				8413304016E6330D0098D7F8 /* vacational_guideline.jpg in Resources */,
				8413304216E637E90098D7F8 /* employer-icon.png in Resources */,
				8413304D16E63C7C0098D7F8 /* VGFieldView.xib in Resources */,
				849FF18C16E8974B006984AC /* secretar-icon.jpeg in Resources */,
				849FF18F16E89759006984AC /* expert-icon.jpeg in Resources */,
				849FF19016E89759006984AC /* skill-icon.jpg in Resources */,
				849FF19616E89909006984AC /* anonumous-icon.png in Resources */,
				849FF19716E89909006984AC /* job-icon.jpg in Resources */,
				849FF19816E89909006984AC /* manager-icon.jpg in Resources */,
				849FF19916E89909006984AC /* student-icon.png in Resources */,
				849FF19A16E89909006984AC /* subject-icon.jpg in Resources */,
				849FF19C16E89ADA006984AC /* Subject.plist in Resources */,
				849FF19E16E89B2E006984AC /* Skill.plist in Resources */,
				849FF1A016E89BD0006984AC /* Job.plist in Resources */,
				849FF1A216E89CB1006984AC /* Student.plist in Resources */,
				849FF1A716E8DBFA006984AC /* User.plist in Resources */,
				84DB31951733ADA2002833A3 /* VGResultViewController.xib in Resources */,
				84A4F1CC1738E98B00173FC8 /* VGSearchCell.xib in Resources */,
				84A0CF901757473B002F809D /* MainBackgraund.png in Resources */,
				84A0CF9417574899002F809D /* forTableScrin2.png in Resources */,
				84A0CF961757492F002F809D /* forTabelScrin1.png in Resources */,
				84A0CF9817574D2B002F809D /* CloseButton.png in Resources */,
				84A0CF9A17574E0E002F809D /* LoginButton.png in Resources */,
				84A0CF9C17574FA4002F809D /* ResultBackground.png in Resources */,
				84A0CF9E17575068002F809D /* ListLabelCell.png in Resources */,
				84A0CFA017575333002F809D /* BaseButton.png in Resources */,
				84A0CFA417575BFF002F809D /* MainBackground2.jpg in Resources */,
				84A0CFA517575BFF002F809D /* MainBackground3.jpg in Resources */,
				84A0CFA617575BFF002F809D /* MainBackground4.jpg in Resources */,
				84A0CFA917575F15002F809D /* MainBackground5.jpg in Resources */,
				84A0CFAA17575F15002F809D /* MainBackround6.jpg in Resources */,
			);
			runOnlyForDeploymentPostprocessing = 0;
		};
/* End PBXResourcesBuildPhase section */

/* Begin PBXSourcesBuildPhase section */
		841AF4B016DCAC90008FCA42 /* Sources */ = {
			isa = PBXSourcesBuildPhase;
			buildActionMask = 2147483647;
			files = (
				841AF4C416DCAC90008FCA42 /* main.m in Sources */,
				841AF4C816DCAC90008FCA42 /* VGAppDelegate.m in Sources */,
				841AF4E616DCC90C008FCA42 /* VGLoginViewController.m in Sources */,
				841AF4EB16DCCB00008FCA42 /* VGLoginPopupViewController.m in Sources */,
				841AF4F016DCDA08008FCA42 /* VGBaseViewController.m in Sources */,
				841AF4F416DCEE19008FCA42 /* VGScreenNavigator.m in Sources */,
				841AF4F716DCF35F008FCA42 /* VGSavedScreenInfo.m in Sources */,
				841AF4FF16DCF9AE008FCA42 /* VGPresentViewController.m in Sources */,
				841AF50416DCF9FE008FCA42 /* VGTableViewController.m in Sources */,
				841AF50916DCFA0D008FCA42 /* VGSearchViewController.m in Sources */,
				841AF50E16DCFA1D008FCA42 /* VGDetailViewController.m in Sources */,
				841AF51316DD0117008FCA42 /* VGOptionsViewController.m in Sources */,
				841AF51716DD038D008FCA42 /* VGMessageHandlerViewController.m in Sources */,
				84A47E4A16DE39D100A78089 /* VGTableView.m in Sources */,
				84A47E5316DE5ABB00A78089 /* VGAddToTableViewController.m in Sources */,
				849E56A816DF8FC4009E9AB6 /* VGGraphViewController.m in Sources */,
				8413303E16E619FC0098D7F8 /* VGUser.m in Sources */,
				8413304B16E63C5E0098D7F8 /* VGFieldsListViewController.m in Sources */,
				849FF17516E88D35006984AC /* VGStudent.m in Sources */,
				849FF17816E88DD6006984AC /* VGSubject.m in Sources */,
				849FF17B16E88EA4006984AC /* VGSkill.m in Sources */,
				849FF17E16E88F08006984AC /* VGJob.m in Sources */,
				849FF18A16E8959F006984AC /* VGBaseDataModel.m in Sources */,
				849BEB3B16F3339C001868D3 /* VGRequestQueue.m in Sources */,
				8496AAE016F709C4001E1184 /* VGBaseRequest.m in Sources */,
				8496AAE316F70CA1001E1184 /* VGGetPersonRequest.m in Sources */,
				8496AAE616F70DEE001E1184 /* VGSearchPersonsRequest.m in Sources */,
				8496AAEC16F73884001E1184 /* VGChangeCellRequest.m in Sources */,
				849D25AE1728184D00F9EB73 /* VGSide.m in Sources */,
				84DB318D1733A479002833A3 /* VGAlertView.m in Sources */,
				84DB31901733A976002833A3 /* VGUtilities.m in Sources */,
				84DB31941733ADA2002833A3 /* VGResultViewController.m in Sources */,
				84A4F1CA1738E96700173FC8 /* VGStudentsCell.m in Sources */,
				84A4F1D21738F04D00173FC8 /* VGPersonsCell.m in Sources */,
				84C124091740D472000EEFE8 /* Reachability.m in Sources */,
				84A7B1081743ACF50011C9C7 /* VGEditObjectRequest.m in Sources */,
				84A7B10B1743B90E0011C9C7 /* VGAddNewObjectRequest.m in Sources */,
				84EDC2F61744FC33008E4D24 /* VGReachability.m in Sources */,
				849CE01D174B838100F31429 /* VGResultRequest.m in Sources */,
			);
			runOnlyForDeploymentPostprocessing = 0;
		};
/* End PBXSourcesBuildPhase section */

/* Begin PBXVariantGroup section */
		841AF4C016DCAC90008FCA42 /* InfoPlist.strings */ = {
			isa = PBXVariantGroup;
			children = (
				841AF4C116DCAC90008FCA42 /* en */,
			);
			name = InfoPlist.strings;
			sourceTree = "<group>";
		};
/* End PBXVariantGroup section */

/* Begin XCBuildConfiguration section */
		841AF4D516DCAC90008FCA42 /* Debug */ = {
			isa = XCBuildConfiguration;
			buildSettings = {
				ALWAYS_SEARCH_USER_PATHS = NO;
				CLANG_CXX_LANGUAGE_STANDARD = "gnu++0x";
				CLANG_CXX_LIBRARY = "libc++";
				CLANG_WARN_CONSTANT_CONVERSION = YES;
				CLANG_WARN_EMPTY_BODY = YES;
				CLANG_WARN_ENUM_CONVERSION = YES;
				CLANG_WARN_INT_CONVERSION = YES;
				CLANG_WARN__DUPLICATE_METHOD_MATCH = YES;
				"CODE_SIGN_IDENTITY[sdk=iphoneos*]" = "iPhone Developer";
				COPY_PHASE_STRIP = NO;
				GCC_C_LANGUAGE_STANDARD = gnu99;
				GCC_DYNAMIC_NO_PIC = NO;
				GCC_OPTIMIZATION_LEVEL = 0;
				GCC_PREPROCESSOR_DEFINITIONS = (
					"DEBUG=1",
					"$(inherited)",
				);
				GCC_SYMBOLS_PRIVATE_EXTERN = NO;
				GCC_WARN_ABOUT_RETURN_TYPE = YES;
				GCC_WARN_UNINITIALIZED_AUTOS = YES;
				GCC_WARN_UNUSED_VARIABLE = YES;
				IPHONEOS_DEPLOYMENT_TARGET = 6.1;
				ONLY_ACTIVE_ARCH = YES;
				SDKROOT = iphoneos;
				TARGETED_DEVICE_FAMILY = 2;
			};
			name = Debug;
		};
		841AF4D616DCAC90008FCA42 /* Release */ = {
			isa = XCBuildConfiguration;
			buildSettings = {
				ALWAYS_SEARCH_USER_PATHS = NO;
				CLANG_CXX_LANGUAGE_STANDARD = "gnu++0x";
				CLANG_CXX_LIBRARY = "libc++";
				CLANG_WARN_CONSTANT_CONVERSION = YES;
				CLANG_WARN_EMPTY_BODY = YES;
				CLANG_WARN_ENUM_CONVERSION = YES;
				CLANG_WARN_INT_CONVERSION = YES;
				CLANG_WARN__DUPLICATE_METHOD_MATCH = YES;
				"CODE_SIGN_IDENTITY[sdk=iphoneos*]" = "iPhone Developer";
				COPY_PHASE_STRIP = YES;
				GCC_C_LANGUAGE_STANDARD = gnu99;
				GCC_WARN_ABOUT_RETURN_TYPE = YES;
				GCC_WARN_UNINITIALIZED_AUTOS = YES;
				GCC_WARN_UNUSED_VARIABLE = YES;
				IPHONEOS_DEPLOYMENT_TARGET = 6.1;
				OTHER_CFLAGS = "-DNS_BLOCK_ASSERTIONS=1";
				SDKROOT = iphoneos;
				TARGETED_DEVICE_FAMILY = 2;
				VALIDATE_PRODUCT = YES;
			};
			name = Release;
		};
		841AF4D816DCAC90008FCA42 /* Debug */ = {
			isa = XCBuildConfiguration;
			buildSettings = {
				GCC_PRECOMPILE_PREFIX_HEADER = YES;
				GCC_PREFIX_HEADER = "Vocational Guidance/Vocational Guidance-Prefix.pch";
				HEADER_SEARCH_PATHS = "\"$(BUILT_PRODUCTS_DIR)/../../Headers\"";
				INFOPLIST_FILE = "Vocational Guidance/Vocational Guidance-Info.plist";
				OTHER_LDFLAGS = "-ObjC";
				PRODUCT_NAME = "$(TARGET_NAME)";
				WRAPPER_EXTENSION = app;
			};
			name = Debug;
		};
		841AF4D916DCAC90008FCA42 /* Release */ = {
			isa = XCBuildConfiguration;
			buildSettings = {
				GCC_PRECOMPILE_PREFIX_HEADER = YES;
				GCC_PREFIX_HEADER = "Vocational Guidance/Vocational Guidance-Prefix.pch";
				HEADER_SEARCH_PATHS = "\"$(BUILT_PRODUCTS_DIR)/../../Headers\"";
				INFOPLIST_FILE = "Vocational Guidance/Vocational Guidance-Info.plist";
				OTHER_LDFLAGS = "-ObjC";
				PRODUCT_NAME = "$(TARGET_NAME)";
				WRAPPER_EXTENSION = app;
			};
			name = Release;
		};
/* End XCBuildConfiguration section */

/* Begin XCConfigurationList section */
		841AF4AF16DCAC90008FCA42 /* Build configuration list for PBXProject "Vocational Guidance" */ = {
			isa = XCConfigurationList;
			buildConfigurations = (
				841AF4D516DCAC90008FCA42 /* Debug */,
				841AF4D616DCAC90008FCA42 /* Release */,
			);
			defaultConfigurationIsVisible = 0;
			defaultConfigurationName = Release;
		};
		841AF4D716DCAC90008FCA42 /* Build configuration list for PBXNativeTarget "Vocational Guidance" */ = {
			isa = XCConfigurationList;
			buildConfigurations = (
				841AF4D816DCAC90008FCA42 /* Debug */,
				841AF4D916DCAC90008FCA42 /* Release */,
			);
			defaultConfigurationIsVisible = 0;
			defaultConfigurationName = Release;
		};
/* End XCConfigurationList section */
	};
	rootObject = 841AF4AC16DCAC90008FCA42 /* Project object */;
}
