// !$*UTF8*$!
{
	archiveVersion = 1;
	classes = {
	};
	objectVersion = 46;
	objects = {

/* Begin PBXBuildFile section */
		841AF4B816DCAC90008FCA42 /* UIKit.framework in Frameworks */ = {isa = PBXBuildFile; fileRef = 841AF4B716DCAC90008FCA42 /* UIKit.framework */; };
		841AF4BA16DCAC90008FCA42 /* Foundation.framework in Frameworks */ = {isa = PBXBuildFile; fileRef = 841AF4B916DCAC90008FCA42 /* Foundation.framework */; };
		841AF4BC16DCAC90008FCA42 /* CoreGraphics.framework in Frameworks */ = {isa = PBXBuildFile; fileRef = 841AF4BB16DCAC90008FCA42 /* CoreGraphics.framework */; };
		841AF4C216DCAC90008FCA42 /* InfoPlist.strings in Resources */ = {isa = PBXBuildFile; fileRef = 841AF4C016DCAC90008FCA42 /* InfoPlist.strings */; };
		841AF4C416DCAC90008FCA42 /* main.m in Sources */ = {isa = PBXBuildFile; fileRef = 841AF4C316DCAC90008FCA42 /* main.m */; };
		841AF4C816DCAC90008FCA42 /* VGAppDelegate.m in Sources */ = {isa = PBXBuildFile; fileRef = 841AF4C716DCAC90008FCA42 /* VGAppDelegate.m */; };
		841AF4CA16DCAC90008FCA42 /* Default.png in Resources */ = {isa = PBXBuildFile; fileRef = 841AF4C916DCAC90008FCA42 /* Default.png */; };
		841AF4CC16DCAC90008FCA42 /* Default@2x.png in Resources */ = {isa = PBXBuildFile; fileRef = 841AF4CB16DCAC90008FCA42 /* Default@2x.png */; };
		841AF4CE16DCAC90008FCA42 /* Default-568h@2x.png in Resources */ = {isa = PBXBuildFile; fileRef = 841AF4CD16DCAC90008FCA42 /* Default-568h@2x.png */; };
		841AF4E616DCC90C008FCA42 /* VGLoginViewController.m in Sources */ = {isa = PBXBuildFile; fileRef = 841AF4E416DCC90C008FCA42 /* VGLoginViewController.m */; };
		841AF4E716DCC90C008FCA42 /* VGLoginViewController.xib in Resources */ = {isa = PBXBuildFile; fileRef = 841AF4E516DCC90C008FCA42 /* VGLoginViewController.xib */; };
		841AF4EB16DCCB00008FCA42 /* VGLoginPopupViewController.m in Sources */ = {isa = PBXBuildFile; fileRef = 841AF4E916DCCB00008FCA42 /* VGLoginPopupViewController.m */; };
		841AF4EC16DCCB00008FCA42 /* VGLoginPopupViewController.xib in Resources */ = {isa = PBXBuildFile; fileRef = 841AF4EA16DCCB00008FCA42 /* VGLoginPopupViewController.xib */; };
		841AF4F016DCDA08008FCA42 /* VGBaseViewController.m in Sources */ = {isa = PBXBuildFile; fileRef = 841AF4EE16DCDA08008FCA42 /* VGBaseViewController.m */; };
		841AF4F416DCEE19008FCA42 /* VGScreenNavigator.m in Sources */ = {isa = PBXBuildFile; fileRef = 841AF4F316DCEE19008FCA42 /* VGScreenNavigator.m */; };
		841AF4F716DCF35F008FCA42 /* VGSavedScreenInfo.m in Sources */ = {isa = PBXBuildFile; fileRef = 841AF4F616DCF35F008FCA42 /* VGSavedScreenInfo.m */; };
		841AF4FB16DCF931008FCA42 /* QuartzCore.framework in Frameworks */ = {isa = PBXBuildFile; fileRef = 841AF4FA16DCF931008FCA42 /* QuartzCore.framework */; };
		841AF4FF16DCF9AE008FCA42 /* VGPresentViewController.m in Sources */ = {isa = PBXBuildFile; fileRef = 841AF4FD16DCF9AE008FCA42 /* VGPresentViewController.m */; };
		841AF50016DCF9AE008FCA42 /* VGPresentViewController.xib in Resources */ = {isa = PBXBuildFile; fileRef = 841AF4FE16DCF9AE008FCA42 /* VGPresentViewController.xib */; };
		841AF50416DCF9FE008FCA42 /* VGTableViewController.m in Sources */ = {isa = PBXBuildFile; fileRef = 841AF50216DCF9FD008FCA42 /* VGTableViewController.m */; };
		841AF50516DCF9FE008FCA42 /* VGTableViewController.xib in Resources */ = {isa = PBXBuildFile; fileRef = 841AF50316DCF9FD008FCA42 /* VGTableViewController.xib */; };
		841AF50916DCFA0D008FCA42 /* VGSearchViewController.m in Sources */ = {isa = PBXBuildFile; fileRef = 841AF50716DCFA0D008FCA42 /* VGSearchViewController.m */; };
		841AF50A16DCFA0D008FCA42 /* VGSearchViewController.xib in Resources */ = {isa = PBXBuildFile; fileRef = 841AF50816DCFA0D008FCA42 /* VGSearchViewController.xib */; };
		841AF50E16DCFA1D008FCA42 /* VGDetailViewController.m in Sources */ = {isa = PBXBuildFile; fileRef = 841AF50C16DCFA1C008FCA42 /* VGDetailViewController.m */; };
		841AF50F16DCFA1D008FCA42 /* VGDetailViewController.xib in Resources */ = {isa = PBXBuildFile; fileRef = 841AF50D16DCFA1D008FCA42 /* VGDetailViewController.xib */; };
		841AF51316DD0117008FCA42 /* VGOptionsViewController.m in Sources */ = {isa = PBXBuildFile; fileRef = 841AF51116DD0117008FCA42 /* VGOptionsViewController.m */; };
		841AF51416DD0117008FCA42 /* VGOptionsViewController.xib in Resources */ = {isa = PBXBuildFile; fileRef = 841AF51216DD0117008FCA42 /* VGOptionsViewController.xib */; };
		841AF51716DD038D008FCA42 /* VGMessageHandlerViewController.m in Sources */ = {isa = PBXBuildFile; fileRef = 841AF51616DD038D008FCA42 /* VGMessageHandlerViewController.m */; };
		84A47E3A16DE308A00A78089 /* VGSelectOperatorViewController.m in Sources */ = {isa = PBXBuildFile; fileRef = 84A47E3816DE308A00A78089 /* VGSelectOperatorViewController.m */; };
		84A47E3B16DE308A00A78089 /* VGSelectOperatorViewController.xib in Resources */ = {isa = PBXBuildFile; fileRef = 84A47E3916DE308A00A78089 /* VGSelectOperatorViewController.xib */; };
		84A47E4A16DE39D100A78089 /* VGTableView.m in Sources */ = {isa = PBXBuildFile; fileRef = 84A47E4916DE39D100A78089 /* VGTableView.m */; };
		84A47E5316DE5ABB00A78089 /* VGAddToTableViewController.m in Sources */ = {isa = PBXBuildFile; fileRef = 84A47E5116DE5ABB00A78089 /* VGAddToTableViewController.m */; };
		84A47E5416DE5ABB00A78089 /* VGAddToTableViewController.xib in Resources */ = {isa = PBXBuildFile; fileRef = 84A47E5216DE5ABB00A78089 /* VGAddToTableViewController.xib */; };
/* End PBXBuildFile section */

/* Begin PBXFileReference section */
		841AF4B416DCAC90008FCA42 /* Vocational Guidance.app */ = {isa = PBXFileReference; explicitFileType = wrapper.application; includeInIndex = 0; path = "Vocational Guidance.app"; sourceTree = BUILT_PRODUCTS_DIR; };
		841AF4B716DCAC90008FCA42 /* UIKit.framework */ = {isa = PBXFileReference; lastKnownFileType = wrapper.framework; name = UIKit.framework; path = System/Library/Frameworks/UIKit.framework; sourceTree = SDKROOT; };
		841AF4B916DCAC90008FCA42 /* Foundation.framework */ = {isa = PBXFileReference; lastKnownFileType = wrapper.framework; name = Foundation.framework; path = System/Library/Frameworks/Foundation.framework; sourceTree = SDKROOT; };
		841AF4BB16DCAC90008FCA42 /* CoreGraphics.framework */ = {isa = PBXFileReference; lastKnownFileType = wrapper.framework; name = CoreGraphics.framework; path = System/Library/Frameworks/CoreGraphics.framework; sourceTree = SDKROOT; };
		841AF4BF16DCAC90008FCA42 /* Vocational Guidance-Info.plist */ = {isa = PBXFileReference; lastKnownFileType = text.plist.xml; path = "Vocational Guidance-Info.plist"; sourceTree = "<group>"; };
		841AF4C116DCAC90008FCA42 /* en */ = {isa = PBXFileReference; lastKnownFileType = text.plist.strings; name = en; path = en.lproj/InfoPlist.strings; sourceTree = "<group>"; };
		841AF4C316DCAC90008FCA42 /* main.m */ = {isa = PBXFileReference; lastKnownFileType = sourcecode.c.objc; path = main.m; sourceTree = "<group>"; };
		841AF4C516DCAC90008FCA42 /* Vocational Guidance-Prefix.pch */ = {isa = PBXFileReference; lastKnownFileType = sourcecode.c.h; path = "Vocational Guidance-Prefix.pch"; sourceTree = "<group>"; };
		841AF4C616DCAC90008FCA42 /* VGAppDelegate.h */ = {isa = PBXFileReference; lastKnownFileType = sourcecode.c.h; name = VGAppDelegate.h; path = "Vocational Guidance/VGAppDelegate.h"; sourceTree = "<group>"; };
		841AF4C716DCAC90008FCA42 /* VGAppDelegate.m */ = {isa = PBXFileReference; lastKnownFileType = sourcecode.c.objc; name = VGAppDelegate.m; path = "Vocational Guidance/VGAppDelegate.m"; sourceTree = "<group>"; };
		841AF4C916DCAC90008FCA42 /* Default.png */ = {isa = PBXFileReference; lastKnownFileType = image.png; path = Default.png; sourceTree = "<group>"; };
		841AF4CB16DCAC90008FCA42 /* Default@2x.png */ = {isa = PBXFileReference; lastKnownFileType = image.png; path = "Default@2x.png"; sourceTree = "<group>"; };
		841AF4CD16DCAC90008FCA42 /* Default-568h@2x.png */ = {isa = PBXFileReference; lastKnownFileType = image.png; path = "Default-568h@2x.png"; sourceTree = "<group>"; };
		841AF4E316DCC90C008FCA42 /* VGLoginViewController.h */ = {isa = PBXFileReference; fileEncoding = 4; lastKnownFileType = sourcecode.c.h; path = VGLoginViewController.h; sourceTree = "<group>"; };
		841AF4E416DCC90C008FCA42 /* VGLoginViewController.m */ = {isa = PBXFileReference; fileEncoding = 4; lastKnownFileType = sourcecode.c.objc; path = VGLoginViewController.m; sourceTree = "<group>"; };
		841AF4E516DCC90C008FCA42 /* VGLoginViewController.xib */ = {isa = PBXFileReference; fileEncoding = 4; lastKnownFileType = file.xib; path = VGLoginViewController.xib; sourceTree = "<group>"; };
		841AF4E816DCCB00008FCA42 /* VGLoginPopupViewController.h */ = {isa = PBXFileReference; fileEncoding = 4; lastKnownFileType = sourcecode.c.h; name = VGLoginPopupViewController.h; path = Screens/VGLoginPopupViewController.h; sourceTree = "<group>"; };
		841AF4E916DCCB00008FCA42 /* VGLoginPopupViewController.m */ = {isa = PBXFileReference; fileEncoding = 4; lastKnownFileType = sourcecode.c.objc; name = VGLoginPopupViewController.m; path = Screens/VGLoginPopupViewController.m; sourceTree = "<group>"; };
		841AF4EA16DCCB00008FCA42 /* VGLoginPopupViewController.xib */ = {isa = PBXFileReference; fileEncoding = 4; lastKnownFileType = file.xib; name = VGLoginPopupViewController.xib; path = Screens/VGLoginPopupViewController.xib; sourceTree = "<group>"; };
		841AF4ED16DCDA08008FCA42 /* VGBaseViewController.h */ = {isa = PBXFileReference; fileEncoding = 4; lastKnownFileType = sourcecode.c.h; name = VGBaseViewController.h; path = "Vocational Guidance/Base/VGBaseViewController.h"; sourceTree = "<group>"; };
		841AF4EE16DCDA08008FCA42 /* VGBaseViewController.m */ = {isa = PBXFileReference; fileEncoding = 4; lastKnownFileType = sourcecode.c.objc; name = VGBaseViewController.m; path = "Vocational Guidance/Base/VGBaseViewController.m"; sourceTree = "<group>"; };
		841AF4F216DCEE19008FCA42 /* VGScreenNavigator.h */ = {isa = PBXFileReference; fileEncoding = 4; lastKnownFileType = sourcecode.c.h; name = VGScreenNavigator.h; path = "Vocational Guidance/Base/VGScreenNavigator.h"; sourceTree = "<group>"; };
		841AF4F316DCEE19008FCA42 /* VGScreenNavigator.m */ = {isa = PBXFileReference; fileEncoding = 4; lastKnownFileType = sourcecode.c.objc; name = VGScreenNavigator.m; path = "Vocational Guidance/Base/VGScreenNavigator.m"; sourceTree = "<group>"; };
		841AF4F516DCF35F008FCA42 /* VGSavedScreenInfo.h */ = {isa = PBXFileReference; fileEncoding = 4; lastKnownFileType = sourcecode.c.h; name = VGSavedScreenInfo.h; path = "Vocational Guidance/Base/VGSavedScreenInfo.h"; sourceTree = "<group>"; };
		841AF4F616DCF35F008FCA42 /* VGSavedScreenInfo.m */ = {isa = PBXFileReference; fileEncoding = 4; lastKnownFileType = sourcecode.c.objc; name = VGSavedScreenInfo.m; path = "Vocational Guidance/Base/VGSavedScreenInfo.m"; sourceTree = "<group>"; };
		841AF4FA16DCF931008FCA42 /* QuartzCore.framework */ = {isa = PBXFileReference; lastKnownFileType = wrapper.framework; name = QuartzCore.framework; path = System/Library/Frameworks/QuartzCore.framework; sourceTree = SDKROOT; };
		841AF4FC16DCF9AE008FCA42 /* VGPresentViewController.h */ = {isa = PBXFileReference; fileEncoding = 4; lastKnownFileType = sourcecode.c.h; name = VGPresentViewController.h; path = Screens/VGPresentViewController.h; sourceTree = "<group>"; };
		841AF4FD16DCF9AE008FCA42 /* VGPresentViewController.m */ = {isa = PBXFileReference; fileEncoding = 4; lastKnownFileType = sourcecode.c.objc; name = VGPresentViewController.m; path = Screens/VGPresentViewController.m; sourceTree = "<group>"; };
		841AF4FE16DCF9AE008FCA42 /* VGPresentViewController.xib */ = {isa = PBXFileReference; fileEncoding = 4; lastKnownFileType = file.xib; name = VGPresentViewController.xib; path = Screens/VGPresentViewController.xib; sourceTree = "<group>"; };
		841AF50116DCF9FD008FCA42 /* VGTableViewController.h */ = {isa = PBXFileReference; fileEncoding = 4; lastKnownFileType = sourcecode.c.h; name = VGTableViewController.h; path = Screens/VGTableViewController.h; sourceTree = "<group>"; };
		841AF50216DCF9FD008FCA42 /* VGTableViewController.m */ = {isa = PBXFileReference; fileEncoding = 4; lastKnownFileType = sourcecode.c.objc; name = VGTableViewController.m; path = Screens/VGTableViewController.m; sourceTree = "<group>"; };
		841AF50316DCF9FD008FCA42 /* VGTableViewController.xib */ = {isa = PBXFileReference; fileEncoding = 4; lastKnownFileType = file.xib; name = VGTableViewController.xib; path = Screens/VGTableViewController.xib; sourceTree = "<group>"; };
		841AF50616DCFA0C008FCA42 /* VGSearchViewController.h */ = {isa = PBXFileReference; fileEncoding = 4; lastKnownFileType = sourcecode.c.h; name = VGSearchViewController.h; path = Screens/VGSearchViewController.h; sourceTree = "<group>"; };
		841AF50716DCFA0D008FCA42 /* VGSearchViewController.m */ = {isa = PBXFileReference; fileEncoding = 4; lastKnownFileType = sourcecode.c.objc; name = VGSearchViewController.m; path = Screens/VGSearchViewController.m; sourceTree = "<group>"; };
		841AF50816DCFA0D008FCA42 /* VGSearchViewController.xib */ = {isa = PBXFileReference; fileEncoding = 4; lastKnownFileType = file.xib; name = VGSearchViewController.xib; path = Screens/VGSearchViewController.xib; sourceTree = "<group>"; };
		841AF50B16DCFA1C008FCA42 /* VGDetailViewController.h */ = {isa = PBXFileReference; fileEncoding = 4; lastKnownFileType = sourcecode.c.h; name = VGDetailViewController.h; path = Screens/VGDetailViewController.h; sourceTree = "<group>"; };
		841AF50C16DCFA1C008FCA42 /* VGDetailViewController.m */ = {isa = PBXFileReference; fileEncoding = 4; lastKnownFileType = sourcecode.c.objc; name = VGDetailViewController.m; path = Screens/VGDetailViewController.m; sourceTree = "<group>"; };
		841AF50D16DCFA1D008FCA42 /* VGDetailViewController.xib */ = {isa = PBXFileReference; fileEncoding = 4; lastKnownFileType = file.xib; name = VGDetailViewController.xib; path = Screens/VGDetailViewController.xib; sourceTree = "<group>"; };
		841AF51016DD0116008FCA42 /* VGOptionsViewController.h */ = {isa = PBXFileReference; fileEncoding = 4; lastKnownFileType = sourcecode.c.h; name = VGOptionsViewController.h; path = Screens/VGOptionsViewController.h; sourceTree = "<group>"; };
		841AF51116DD0117008FCA42 /* VGOptionsViewController.m */ = {isa = PBXFileReference; fileEncoding = 4; lastKnownFileType = sourcecode.c.objc; name = VGOptionsViewController.m; path = Screens/VGOptionsViewController.m; sourceTree = "<group>"; };
		841AF51216DD0117008FCA42 /* VGOptionsViewController.xib */ = {isa = PBXFileReference; fileEncoding = 4; lastKnownFileType = file.xib; name = VGOptionsViewController.xib; path = Screens/VGOptionsViewController.xib; sourceTree = "<group>"; };
		841AF51516DD038D008FCA42 /* VGMessageHandlerViewController.h */ = {isa = PBXFileReference; fileEncoding = 4; lastKnownFileType = sourcecode.c.h; name = VGMessageHandlerViewController.h; path = "Vocational Guidance/Base/VGMessageHandlerViewController.h"; sourceTree = "<group>"; };
		841AF51616DD038D008FCA42 /* VGMessageHandlerViewController.m */ = {isa = PBXFileReference; fileEncoding = 4; lastKnownFileType = sourcecode.c.objc; name = VGMessageHandlerViewController.m; path = "Vocational Guidance/Base/VGMessageHandlerViewController.m"; sourceTree = "<group>"; };
		84A47E3716DE308A00A78089 /* VGSelectOperatorViewController.h */ = {isa = PBXFileReference; fileEncoding = 4; lastKnownFileType = sourcecode.c.h; name = VGSelectOperatorViewController.h; path = Screens/VGSelectOperatorViewController.h; sourceTree = "<group>"; };
		84A47E3816DE308A00A78089 /* VGSelectOperatorViewController.m */ = {isa = PBXFileReference; fileEncoding = 4; lastKnownFileType = sourcecode.c.objc; name = VGSelectOperatorViewController.m; path = Screens/VGSelectOperatorViewController.m; sourceTree = "<group>"; };
		84A47E3916DE308A00A78089 /* VGSelectOperatorViewController.xib */ = {isa = PBXFileReference; fileEncoding = 4; lastKnownFileType = file.xib; name = VGSelectOperatorViewController.xib; path = Screens/VGSelectOperatorViewController.xib; sourceTree = "<group>"; };
		84A47E4816DE39D100A78089 /* VGTableView.h */ = {isa = PBXFileReference; fileEncoding = 4; lastKnownFileType = sourcecode.c.h; name = VGTableView.h; path = "Custom Controls/VGTableView.h"; sourceTree = "<group>"; };
		84A47E4916DE39D100A78089 /* VGTableView.m */ = {isa = PBXFileReference; fileEncoding = 4; lastKnownFileType = sourcecode.c.objc; name = VGTableView.m; path = "Custom Controls/VGTableView.m"; sourceTree = "<group>"; };
		84A47E5016DE5ABB00A78089 /* VGAddToTableViewController.h */ = {isa = PBXFileReference; fileEncoding = 4; lastKnownFileType = sourcecode.c.h; name = VGAddToTableViewController.h; path = Screens/VGAddToTableViewController.h; sourceTree = "<group>"; };
		84A47E5116DE5ABB00A78089 /* VGAddToTableViewController.m */ = {isa = PBXFileReference; fileEncoding = 4; lastKnownFileType = sourcecode.c.objc; name = VGAddToTableViewController.m; path = Screens/VGAddToTableViewController.m; sourceTree = "<group>"; };
		84A47E5216DE5ABB00A78089 /* VGAddToTableViewController.xib */ = {isa = PBXFileReference; fileEncoding = 4; lastKnownFileType = file.xib; name = VGAddToTableViewController.xib; path = Screens/VGAddToTableViewController.xib; sourceTree = "<group>"; };
/* End PBXFileReference section */

/* Begin PBXFrameworksBuildPhase section */
		841AF4B116DCAC90008FCA42 /* Frameworks */ = {
			isa = PBXFrameworksBuildPhase;
			buildActionMask = 2147483647;
			files = (
				841AF4FB16DCF931008FCA42 /* QuartzCore.framework in Frameworks */,
				841AF4B816DCAC90008FCA42 /* UIKit.framework in Frameworks */,
				841AF4BA16DCAC90008FCA42 /* Foundation.framework in Frameworks */,
				841AF4BC16DCAC90008FCA42 /* CoreGraphics.framework in Frameworks */,
			);
			runOnlyForDeploymentPostprocessing = 0;
		};
/* End PBXFrameworksBuildPhase section */

/* Begin PBXGroup section */
		841AF4AB16DCAC90008FCA42 = {
			isa = PBXGroup;
			children = (
				841AF4BD16DCAC90008FCA42 /* Vocational Guidance */,
				841AF4B616DCAC90008FCA42 /* Frameworks */,
				841AF4B516DCAC90008FCA42 /* Products */,
			);
			sourceTree = "<group>";
		};
		841AF4B516DCAC90008FCA42 /* Products */ = {
			isa = PBXGroup;
			children = (
				841AF4B416DCAC90008FCA42 /* Vocational Guidance.app */,
			);
			name = Products;
			sourceTree = "<group>";
		};
		841AF4B616DCAC90008FCA42 /* Frameworks */ = {
			isa = PBXGroup;
			children = (
				841AF4FA16DCF931008FCA42 /* QuartzCore.framework */,
				841AF4B716DCAC90008FCA42 /* UIKit.framework */,
				841AF4B916DCAC90008FCA42 /* Foundation.framework */,
				841AF4BB16DCAC90008FCA42 /* CoreGraphics.framework */,
			);
			name = Frameworks;
			sourceTree = "<group>";
		};
		841AF4BD16DCAC90008FCA42 /* Vocational Guidance */ = {
			isa = PBXGroup;
			children = (
				84A47E3C16DE332600A78089 /* Custom Controls */,
				841AF51816DD0C81008FCA42 /* Logic */,
				841AF4DD16DCC596008FCA42 /* Screens */,
				841AF4DC16DCC580008FCA42 /* Base Classes */,
				841AF4DB16DCAF35008FCA42 /* Web Services */,
				841AF4DA16DCAF23008FCA42 /* Images */,
				841AF4BE16DCAC90008FCA42 /* Supporting Files */,
			);
			path = "Vocational Guidance";
			sourceTree = "<group>";
		};
		841AF4BE16DCAC90008FCA42 /* Supporting Files */ = {
			isa = PBXGroup;
			children = (
				841AF4BF16DCAC90008FCA42 /* Vocational Guidance-Info.plist */,
				841AF4C016DCAC90008FCA42 /* InfoPlist.strings */,
				841AF4C316DCAC90008FCA42 /* main.m */,
				841AF4C516DCAC90008FCA42 /* Vocational Guidance-Prefix.pch */,
				841AF4C916DCAC90008FCA42 /* Default.png */,
				841AF4CB16DCAC90008FCA42 /* Default@2x.png */,
				841AF4CD16DCAC90008FCA42 /* Default-568h@2x.png */,
			);
			name = "Supporting Files";
			sourceTree = "<group>";
		};
		841AF4DA16DCAF23008FCA42 /* Images */ = {
			isa = PBXGroup;
			children = (
			);
			name = Images;
			sourceTree = "<group>";
		};
		841AF4DB16DCAF35008FCA42 /* Web Services */ = {
			isa = PBXGroup;
			children = (
			);
			name = "Web Services";
			sourceTree = "<group>";
		};
		841AF4DC16DCC580008FCA42 /* Base Classes */ = {
			isa = PBXGroup;
			children = (
				841AF4C616DCAC90008FCA42 /* VGAppDelegate.h */,
				841AF4C716DCAC90008FCA42 /* VGAppDelegate.m */,
				841AF4ED16DCDA08008FCA42 /* VGBaseViewController.h */,
				841AF4EE16DCDA08008FCA42 /* VGBaseViewController.m */,
				841AF4F216DCEE19008FCA42 /* VGScreenNavigator.h */,
				841AF4F316DCEE19008FCA42 /* VGScreenNavigator.m */,
				841AF4F516DCF35F008FCA42 /* VGSavedScreenInfo.h */,
				841AF4F616DCF35F008FCA42 /* VGSavedScreenInfo.m */,
				841AF51516DD038D008FCA42 /* VGMessageHandlerViewController.h */,
				841AF51616DD038D008FCA42 /* VGMessageHandlerViewController.m */,
			);
			name = "Base Classes";
			path = ..;
			sourceTree = "<group>";
		};
		841AF4DD16DCC596008FCA42 /* Screens */ = {
			isa = PBXGroup;
			children = (
				841AF4E316DCC90C008FCA42 /* VGLoginViewController.h */,
				841AF4E416DCC90C008FCA42 /* VGLoginViewController.m */,
				841AF4E516DCC90C008FCA42 /* VGLoginViewController.xib */,
				841AF4E816DCCB00008FCA42 /* VGLoginPopupViewController.h */,
				841AF4E916DCCB00008FCA42 /* VGLoginPopupViewController.m */,
				841AF4EA16DCCB00008FCA42 /* VGLoginPopupViewController.xib */,
				841AF4FC16DCF9AE008FCA42 /* VGPresentViewController.h */,
				841AF4FD16DCF9AE008FCA42 /* VGPresentViewController.m */,
				841AF4FE16DCF9AE008FCA42 /* VGPresentViewController.xib */,
				841AF50116DCF9FD008FCA42 /* VGTableViewController.h */,
				841AF50216DCF9FD008FCA42 /* VGTableViewController.m */,
				841AF50316DCF9FD008FCA42 /* VGTableViewController.xib */,
				841AF50616DCFA0C008FCA42 /* VGSearchViewController.h */,
				841AF50716DCFA0D008FCA42 /* VGSearchViewController.m */,
				841AF50816DCFA0D008FCA42 /* VGSearchViewController.xib */,
				841AF50B16DCFA1C008FCA42 /* VGDetailViewController.h */,
				841AF50C16DCFA1C008FCA42 /* VGDetailViewController.m */,
				841AF50D16DCFA1D008FCA42 /* VGDetailViewController.xib */,
				841AF51016DD0116008FCA42 /* VGOptionsViewController.h */,
				841AF51116DD0117008FCA42 /* VGOptionsViewController.m */,
				841AF51216DD0117008FCA42 /* VGOptionsViewController.xib */,
				84A47E3716DE308A00A78089 /* VGSelectOperatorViewController.h */,
				84A47E3816DE308A00A78089 /* VGSelectOperatorViewController.m */,
				84A47E3916DE308A00A78089 /* VGSelectOperatorViewController.xib */,
				84A47E5016DE5ABB00A78089 /* VGAddToTableViewController.h */,
				84A47E5116DE5ABB00A78089 /* VGAddToTableViewController.m */,
				84A47E5216DE5ABB00A78089 /* VGAddToTableViewController.xib */,
			);
			name = Screens;
			sourceTree = "<group>";
		};
		841AF51816DD0C81008FCA42 /* Logic */ = {
			isa = PBXGroup;
			children = (
			);
			name = Logic;
			sourceTree = "<group>";
		};
		84A47E3C16DE332600A78089 /* Custom Controls */ = {
			isa = PBXGroup;
			children = (
				84A47E4816DE39D100A78089 /* VGTableView.h */,
				84A47E4916DE39D100A78089 /* VGTableView.m */,
			);
			name = "Custom Controls";
			sourceTree = "<group>";
		};
/* End PBXGroup section */

/* Begin PBXNativeTarget section */
		841AF4B316DCAC90008FCA42 /* Vocational Guidance */ = {
			isa = PBXNativeTarget;
			buildConfigurationList = 841AF4D716DCAC90008FCA42 /* Build configuration list for PBXNativeTarget "Vocational Guidance" */;
			buildPhases = (
				841AF4B016DCAC90008FCA42 /* Sources */,
				841AF4B116DCAC90008FCA42 /* Frameworks */,
				841AF4B216DCAC90008FCA42 /* Resources */,
			);
			buildRules = (
			);
			dependencies = (
			);
			name = "Vocational Guidance";
			productName = "Vocational Guidance";
			productReference = 841AF4B416DCAC90008FCA42 /* Vocational Guidance.app */;
			productType = "com.apple.product-type.application";
		};
/* End PBXNativeTarget section */

/* Begin PBXProject section */
		841AF4AC16DCAC90008FCA42 /* Project object */ = {
			isa = PBXProject;
			attributes = {
				CLASSPREFIX = VG;
				LastUpgradeCheck = 0460;
				ORGANIZATIONNAME = K304;
			};
			buildConfigurationList = 841AF4AF16DCAC90008FCA42 /* Build configuration list for PBXProject "Vocational Guidance" */;
			compatibilityVersion = "Xcode 3.2";
			developmentRegion = English;
			hasScannedForEncodings = 0;
			knownRegions = (
				en,
			);
			mainGroup = 841AF4AB16DCAC90008FCA42;
			productRefGroup = 841AF4B516DCAC90008FCA42 /* Products */;
			projectDirPath = "";
			projectRoot = "";
			targets = (
				841AF4B316DCAC90008FCA42 /* Vocational Guidance */,
			);
		};
/* End PBXProject section */

/* Begin PBXResourcesBuildPhase section */
		841AF4B216DCAC90008FCA42 /* Resources */ = {
			isa = PBXResourcesBuildPhase;
			buildActionMask = 2147483647;
			files = (
				841AF4C216DCAC90008FCA42 /* InfoPlist.strings in Resources */,
				841AF4CA16DCAC90008FCA42 /* Default.png in Resources */,
				841AF4CC16DCAC90008FCA42 /* Default@2x.png in Resources */,
				841AF4CE16DCAC90008FCA42 /* Default-568h@2x.png in Resources */,
				841AF4E716DCC90C008FCA42 /* VGLoginViewController.xib in Resources */,
				841AF4EC16DCCB00008FCA42 /* VGLoginPopupViewController.xib in Resources */,
				841AF50016DCF9AE008FCA42 /* VGPresentViewController.xib in Resources */,
				841AF50516DCF9FE008FCA42 /* VGTableViewController.xib in Resources */,
				841AF50A16DCFA0D008FCA42 /* VGSearchViewController.xib in Resources */,
				841AF50F16DCFA1D008FCA42 /* VGDetailViewController.xib in Resources */,
				841AF51416DD0117008FCA42 /* VGOptionsViewController.xib in Resources */,
				84A47E3B16DE308A00A78089 /* VGSelectOperatorViewController.xib in Resources */,
				84A47E5416DE5ABB00A78089 /* VGAddToTableViewController.xib in Resources */,
			);
			runOnlyForDeploymentPostprocessing = 0;
		};
/* End PBXResourcesBuildPhase section */

/* Begin PBXSourcesBuildPhase section */
		841AF4B016DCAC90008FCA42 /* Sources */ = {
			isa = PBXSourcesBuildPhase;
			buildActionMask = 2147483647;
			files = (
				841AF4C416DCAC90008FCA42 /* main.m in Sources */,
				841AF4C816DCAC90008FCA42 /* VGAppDelegate.m in Sources */,
				841AF4E616DCC90C008FCA42 /* VGLoginViewController.m in Sources */,
				841AF4EB16DCCB00008FCA42 /* VGLoginPopupViewController.m in Sources */,
				841AF4F016DCDA08008FCA42 /* VGBaseViewController.m in Sources */,
				841AF4F416DCEE19008FCA42 /* VGScreenNavigator.m in Sources */,
				841AF4F716DCF35F008FCA42 /* VGSavedScreenInfo.m in Sources */,
				841AF4FF16DCF9AE008FCA42 /* VGPresentViewController.m in Sources */,
				841AF50416DCF9FE008FCA42 /* VGTableViewController.m in Sources */,
				841AF50916DCFA0D008FCA42 /* VGSearchViewController.m in Sources */,
				841AF50E16DCFA1D008FCA42 /* VGDetailViewController.m in Sources */,
				841AF51316DD0117008FCA42 /* VGOptionsViewController.m in Sources */,
				841AF51716DD038D008FCA42 /* VGMessageHandlerViewController.m in Sources */,
				84A47E3A16DE308A00A78089 /* VGSelectOperatorViewController.m in Sources */,
				84A47E4A16DE39D100A78089 /* VGTableView.m in Sources */,
				84A47E5316DE5ABB00A78089 /* VGAddToTableViewController.m in Sources */,
			);
			runOnlyForDeploymentPostprocessing = 0;
		};
/* End PBXSourcesBuildPhase section */

/* Begin PBXVariantGroup section */
		841AF4C016DCAC90008FCA42 /* InfoPlist.strings */ = {
			isa = PBXVariantGroup;
			children = (
				841AF4C116DCAC90008FCA42 /* en */,
			);
			name = InfoPlist.strings;
			sourceTree = "<group>";
		};
/* End PBXVariantGroup section */

/* Begin XCBuildConfiguration section */
		841AF4D516DCAC90008FCA42 /* Debug */ = {
			isa = XCBuildConfiguration;
			buildSettings = {
				ALWAYS_SEARCH_USER_PATHS = NO;
				CLANG_CXX_LANGUAGE_STANDARD = "gnu++0x";
				CLANG_CXX_LIBRARY = "libc++";
				CLANG_WARN_CONSTANT_CONVERSION = YES;
				CLANG_WARN_EMPTY_BODY = YES;
				CLANG_WARN_ENUM_CONVERSION = YES;
				CLANG_WARN_INT_CONVERSION = YES;
				CLANG_WARN__DUPLICATE_METHOD_MATCH = YES;
				"CODE_SIGN_IDENTITY[sdk=iphoneos*]" = "iPhone Developer";
				COPY_PHASE_STRIP = NO;
				GCC_C_LANGUAGE_STANDARD = gnu99;
				GCC_DYNAMIC_NO_PIC = NO;
				GCC_OPTIMIZATION_LEVEL = 0;
				GCC_PREPROCESSOR_DEFINITIONS = (
					"DEBUG=1",
					"$(inherited)",
				);
				GCC_SYMBOLS_PRIVATE_EXTERN = NO;
				GCC_WARN_ABOUT_RETURN_TYPE = YES;
				GCC_WARN_UNINITIALIZED_AUTOS = YES;
				GCC_WARN_UNUSED_VARIABLE = YES;
				IPHONEOS_DEPLOYMENT_TARGET = 6.1;
				ONLY_ACTIVE_ARCH = YES;
				SDKROOT = iphoneos;
				TARGETED_DEVICE_FAMILY = 2;
			};
			name = Debug;
		};
		841AF4D616DCAC90008FCA42 /* Release */ = {
			isa = XCBuildConfiguration;
			buildSettings = {
				ALWAYS_SEARCH_USER_PATHS = NO;
				CLANG_CXX_LANGUAGE_STANDARD = "gnu++0x";
				CLANG_CXX_LIBRARY = "libc++";
				CLANG_WARN_CONSTANT_CONVERSION = YES;
				CLANG_WARN_EMPTY_BODY = YES;
				CLANG_WARN_ENUM_CONVERSION = YES;
				CLANG_WARN_INT_CONVERSION = YES;
				CLANG_WARN__DUPLICATE_METHOD_MATCH = YES;
				"CODE_SIGN_IDENTITY[sdk=iphoneos*]" = "iPhone Developer";
				COPY_PHASE_STRIP = YES;
				GCC_C_LANGUAGE_STANDARD = gnu99;
				GCC_WARN_ABOUT_RETURN_TYPE = YES;
				GCC_WARN_UNINITIALIZED_AUTOS = YES;
				GCC_WARN_UNUSED_VARIABLE = YES;
				IPHONEOS_DEPLOYMENT_TARGET = 6.1;
				OTHER_CFLAGS = "-DNS_BLOCK_ASSERTIONS=1";
				SDKROOT = iphoneos;
				TARGETED_DEVICE_FAMILY = 2;
				VALIDATE_PRODUCT = YES;
			};
			name = Release;
		};
		841AF4D816DCAC90008FCA42 /* Debug */ = {
			isa = XCBuildConfiguration;
			buildSettings = {
				GCC_PRECOMPILE_PREFIX_HEADER = YES;
				GCC_PREFIX_HEADER = "Vocational Guidance/Vocational Guidance-Prefix.pch";
				INFOPLIST_FILE = "Vocational Guidance/Vocational Guidance-Info.plist";
				PRODUCT_NAME = "$(TARGET_NAME)";
				WRAPPER_EXTENSION = app;
			};
			name = Debug;
		};
		841AF4D916DCAC90008FCA42 /* Release */ = {
			isa = XCBuildConfiguration;
			buildSettings = {
				GCC_PRECOMPILE_PREFIX_HEADER = YES;
				GCC_PREFIX_HEADER = "Vocational Guidance/Vocational Guidance-Prefix.pch";
				INFOPLIST_FILE = "Vocational Guidance/Vocational Guidance-Info.plist";
				PRODUCT_NAME = "$(TARGET_NAME)";
				WRAPPER_EXTENSION = app;
			};
			name = Release;
		};
/* End XCBuildConfiguration section */

/* Begin XCConfigurationList section */
		841AF4AF16DCAC90008FCA42 /* Build configuration list for PBXProject "Vocational Guidance" */ = {
			isa = XCConfigurationList;
			buildConfigurations = (
				841AF4D516DCAC90008FCA42 /* Debug */,
				841AF4D616DCAC90008FCA42 /* Release */,
			);
			defaultConfigurationIsVisible = 0;
			defaultConfigurationName = Release;
		};
		841AF4D716DCAC90008FCA42 /* Build configuration list for PBXNativeTarget "Vocational Guidance" */ = {
			isa = XCConfigurationList;
			buildConfigurations = (
				841AF4D816DCAC90008FCA42 /* Debug */,
				841AF4D916DCAC90008FCA42 /* Release */,
			);
			defaultConfigurationIsVisible = 0;
			defaultConfigurationName = Release;
		};
/* End XCConfigurationList section */
	};
	rootObject = 841AF4AC16DCAC90008FCA42 /* Project object */;
}
